// !$*UTF8*$!
{
	archiveVersion = 1;
	classes = {
	};
	objectVersion = 50;
	objects = {

/* Begin PBXBuildFile section */
		342EB0C4209C391C006F762B /* UIImage+RoundCorner.m in Sources */ = {isa = PBXBuildFile; fileRef = 342EB0C3209C391C006F762B /* UIImage+RoundCorner.m */; };
		342EB0CA209C3CB3006F762B /* CyclesView.m in Sources */ = {isa = PBXBuildFile; fileRef = 342EB0C9209C3CB3006F762B /* CyclesView.m */; };
		3432591920AD652D00C11FFE /* MNPictrueCollectionViewCell.m in Sources */ = {isa = PBXBuildFile; fileRef = 3432591820AD652D00C11FFE /* MNPictrueCollectionViewCell.m */; };
		3432591C20AD6F0000C11FFE /* PicCollectTableViewCell.m in Sources */ = {isa = PBXBuildFile; fileRef = 3432591B20AD6F0000C11FFE /* PicCollectTableViewCell.m */; };
		3446A7E220B26D88002BAC6E /* SysPictureModel.m in Sources */ = {isa = PBXBuildFile; fileRef = 3446A7E120B26D88002BAC6E /* SysPictureModel.m */; };
		3470A85420994DD1003972FD /* AppDelegate.m in Sources */ = {isa = PBXBuildFile; fileRef = 3470A85320994DD1003972FD /* AppDelegate.m */; };
		3470A85720994DD1003972FD /* ViewController.m in Sources */ = {isa = PBXBuildFile; fileRef = 3470A85620994DD1003972FD /* ViewController.m */; };
		3470A85A20994DD1003972FD /* Main.storyboard in Resources */ = {isa = PBXBuildFile; fileRef = 3470A85820994DD1003972FD /* Main.storyboard */; };
		3470A85C20994DD4003972FD /* Assets.xcassets in Resources */ = {isa = PBXBuildFile; fileRef = 3470A85B20994DD4003972FD /* Assets.xcassets */; };
		3470A85F20994DD4003972FD /* LaunchScreen.storyboard in Resources */ = {isa = PBXBuildFile; fileRef = 3470A85D20994DD4003972FD /* LaunchScreen.storyboard */; };
		3470A86220994DD4003972FD /* main.m in Sources */ = {isa = PBXBuildFile; fileRef = 3470A86120994DD4003972FD /* main.m */; };
		3470A86C20994DD4003972FD /* MyNewPhotoTests.m in Sources */ = {isa = PBXBuildFile; fileRef = 3470A86B20994DD4003972FD /* MyNewPhotoTests.m */; };
		3470A87720994DD4003972FD /* MyNewPhotoUITests.m in Sources */ = {isa = PBXBuildFile; fileRef = 3470A87620994DD4003972FD /* MyNewPhotoUITests.m */; };
		3472093F20A972C8009A8DB9 /* GPUImageFourInputFilter.m in Sources */ = {isa = PBXBuildFile; fileRef = 3472093D20A972C8009A8DB9 /* GPUImageFourInputFilter.m */; };
		3472096B20A9767D009A8DB9 /* 1977blowout.png in Resources */ = {isa = PBXBuildFile; fileRef = 3472094120A9767D009A8DB9 /* 1977blowout.png */; };
		3472096C20A9767D009A8DB9 /* 1977map.png in Resources */ = {isa = PBXBuildFile; fileRef = 3472094220A9767D009A8DB9 /* 1977map.png */; };
		3472096D20A9767D009A8DB9 /* amaroMap.png in Resources */ = {isa = PBXBuildFile; fileRef = 3472094320A9767D009A8DB9 /* amaroMap.png */; };
		3472096E20A9767D009A8DB9 /* blackboard1024.png in Resources */ = {isa = PBXBuildFile; fileRef = 3472094420A9767D009A8DB9 /* blackboard1024.png */; };
		3472096F20A9767D009A8DB9 /* brannanBlowout.png in Resources */ = {isa = PBXBuildFile; fileRef = 3472094520A9767D009A8DB9 /* brannanBlowout.png */; };
		3472097020A9767D009A8DB9 /* brannanContrast.png in Resources */ = {isa = PBXBuildFile; fileRef = 3472094620A9767D009A8DB9 /* brannanContrast.png */; };
		3472097120A9767D009A8DB9 /* brannanLuma.png in Resources */ = {isa = PBXBuildFile; fileRef = 3472094720A9767D009A8DB9 /* brannanLuma.png */; };
		3472097220A9767D009A8DB9 /* brannanProcess.png in Resources */ = {isa = PBXBuildFile; fileRef = 3472094820A9767D009A8DB9 /* brannanProcess.png */; };
		3472097320A9767D009A8DB9 /* brannanScreen.png in Resources */ = {isa = PBXBuildFile; fileRef = 3472094920A9767D009A8DB9 /* brannanScreen.png */; };
		3472097420A9767D009A8DB9 /* earlybirdBlowout.png in Resources */ = {isa = PBXBuildFile; fileRef = 3472094A20A9767D009A8DB9 /* earlybirdBlowout.png */; };
		3472097520A9767D009A8DB9 /* earlyBirdCurves.png in Resources */ = {isa = PBXBuildFile; fileRef = 3472094B20A9767D009A8DB9 /* earlyBirdCurves.png */; };
		3472097620A9767D009A8DB9 /* earlybirdMap.png in Resources */ = {isa = PBXBuildFile; fileRef = 3472094C20A9767D009A8DB9 /* earlybirdMap.png */; };
		3472097720A9767D009A8DB9 /* earlybirdOverlayMap.png in Resources */ = {isa = PBXBuildFile; fileRef = 3472094D20A9767D009A8DB9 /* earlybirdOverlayMap.png */; };
		3472097820A9767D009A8DB9 /* edgeBurn.png in Resources */ = {isa = PBXBuildFile; fileRef = 3472094E20A9767D009A8DB9 /* edgeBurn.png */; };
		3472097920A9767D009A8DB9 /* hefeGradientMap.png in Resources */ = {isa = PBXBuildFile; fileRef = 3472094F20A9767D009A8DB9 /* hefeGradientMap.png */; };
		3472097A20A9767D009A8DB9 /* hefeMap.png in Resources */ = {isa = PBXBuildFile; fileRef = 3472095020A9767D009A8DB9 /* hefeMap.png */; };
		3472097B20A9767D009A8DB9 /* hefeMetal.png in Resources */ = {isa = PBXBuildFile; fileRef = 3472095120A9767D009A8DB9 /* hefeMetal.png */; };
		3472097C20A9767D009A8DB9 /* hefeSoftLight.png in Resources */ = {isa = PBXBuildFile; fileRef = 3472095220A9767D009A8DB9 /* hefeSoftLight.png */; };
		3472097D20A9767D009A8DB9 /* hudsonBackground.png in Resources */ = {isa = PBXBuildFile; fileRef = 3472095320A9767D009A8DB9 /* hudsonBackground.png */; };
		3472097E20A9767D009A8DB9 /* hudsonMap.png in Resources */ = {isa = PBXBuildFile; fileRef = 3472095420A9767D009A8DB9 /* hudsonMap.png */; };
		3472097F20A9767D009A8DB9 /* inkwellMap.png in Resources */ = {isa = PBXBuildFile; fileRef = 3472095520A9767D009A8DB9 /* inkwellMap.png */; };
		3472098020A9767D009A8DB9 /* kelvinMap.png in Resources */ = {isa = PBXBuildFile; fileRef = 3472095620A9767D009A8DB9 /* kelvinMap.png */; };
		3472098120A9767D009A8DB9 /* lomoMap.png in Resources */ = {isa = PBXBuildFile; fileRef = 3472095720A9767D009A8DB9 /* lomoMap.png */; };
		3472098220A9767D009A8DB9 /* nashvilleMap.png in Resources */ = {isa = PBXBuildFile; fileRef = 3472095820A9767D009A8DB9 /* nashvilleMap.png */; };
		3472098320A9767D009A8DB9 /* overlayMap.png in Resources */ = {isa = PBXBuildFile; fileRef = 3472095920A9767D009A8DB9 /* overlayMap.png */; };
		3472098420A9767D009A8DB9 /* riseMap.png in Resources */ = {isa = PBXBuildFile; fileRef = 3472095A20A9767D009A8DB9 /* riseMap.png */; };
		3472098520A9767D009A8DB9 /* sierraMap.png in Resources */ = {isa = PBXBuildFile; fileRef = 3472095B20A9767D009A8DB9 /* sierraMap.png */; };
		3472098620A9767D009A8DB9 /* sierraVignette.png in Resources */ = {isa = PBXBuildFile; fileRef = 3472095C20A9767D009A8DB9 /* sierraVignette.png */; };
		3472098720A9767D009A8DB9 /* softLight.png in Resources */ = {isa = PBXBuildFile; fileRef = 3472095D20A9767D009A8DB9 /* softLight.png */; };
		3472098820A9767D009A8DB9 /* sutroCurves.png in Resources */ = {isa = PBXBuildFile; fileRef = 3472095E20A9767D009A8DB9 /* sutroCurves.png */; };
		3472098920A9767D009A8DB9 /* sutroEdgeBurn.png in Resources */ = {isa = PBXBuildFile; fileRef = 3472095F20A9767D009A8DB9 /* sutroEdgeBurn.png */; };
		3472098A20A9767D009A8DB9 /* sutroMetal.png in Resources */ = {isa = PBXBuildFile; fileRef = 3472096020A9767D009A8DB9 /* sutroMetal.png */; };
		3472098B20A9767D009A8DB9 /* toasterColorShift.png in Resources */ = {isa = PBXBuildFile; fileRef = 3472096120A9767D009A8DB9 /* toasterColorShift.png */; };
		3472098C20A9767D009A8DB9 /* toasterCurves.png in Resources */ = {isa = PBXBuildFile; fileRef = 3472096220A9767D009A8DB9 /* toasterCurves.png */; };
		3472098D20A9767D009A8DB9 /* toasterMetal.png in Resources */ = {isa = PBXBuildFile; fileRef = 3472096320A9767D009A8DB9 /* toasterMetal.png */; };
		3472098E20A9767D009A8DB9 /* toasterOverlayMapWarm.png in Resources */ = {isa = PBXBuildFile; fileRef = 3472096420A9767D009A8DB9 /* toasterOverlayMapWarm.png */; };
		3472098F20A9767D009A8DB9 /* toasterSoftLight.png in Resources */ = {isa = PBXBuildFile; fileRef = 3472096520A9767D009A8DB9 /* toasterSoftLight.png */; };
		3472099020A9767D009A8DB9 /* valenciaGradientMap.png in Resources */ = {isa = PBXBuildFile; fileRef = 3472096620A9767D009A8DB9 /* valenciaGradientMap.png */; };
		3472099120A9767D009A8DB9 /* valenciaMap.png in Resources */ = {isa = PBXBuildFile; fileRef = 3472096720A9767D009A8DB9 /* valenciaMap.png */; };
		3472099220A9767D009A8DB9 /* vignetteMap.png in Resources */ = {isa = PBXBuildFile; fileRef = 3472096820A9767D009A8DB9 /* vignetteMap.png */; };
		3472099320A9767D009A8DB9 /* waldenMap.png in Resources */ = {isa = PBXBuildFile; fileRef = 3472096920A9767D009A8DB9 /* waldenMap.png */; };
		3472099420A9767D009A8DB9 /* xproMap.png in Resources */ = {isa = PBXBuildFile; fileRef = 3472096A20A9767D009A8DB9 /* xproMap.png */; };
		347209A420A98055009A8DB9 /* lookup_soft_elegance_1.png in Resources */ = {isa = PBXBuildFile; fileRef = 3472099F20A98053009A8DB9 /* lookup_soft_elegance_1.png */; };
		347209A520A98055009A8DB9 /* lookup_amatorka.png in Resources */ = {isa = PBXBuildFile; fileRef = 347209A020A98054009A8DB9 /* lookup_amatorka.png */; };
		347209A620A98055009A8DB9 /* lookup_miss_etikate.png in Resources */ = {isa = PBXBuildFile; fileRef = 347209A120A98054009A8DB9 /* lookup_miss_etikate.png */; };
		347209A720A98055009A8DB9 /* lookup_soft_elegance_2.png in Resources */ = {isa = PBXBuildFile; fileRef = 347209A220A98054009A8DB9 /* lookup_soft_elegance_2.png */; };
		347209A820A98055009A8DB9 /* lookup.png in Resources */ = {isa = PBXBuildFile; fileRef = 347209A320A98054009A8DB9 /* lookup.png */; };
		3477242520A3DCAF0082D57F /* FilterCollectionViewCell.m in Sources */ = {isa = PBXBuildFile; fileRef = 3477242420A3DCAF0082D57F /* FilterCollectionViewCell.m */; };
		3477242B20A42AA80082D57F /* FilterManager.m in Sources */ = {isa = PBXBuildFile; fileRef = 3477242A20A42AA80082D57F /* FilterManager.m */; };
		3477242D20A42D7B0082D57F /* Filter.json in Resources */ = {isa = PBXBuildFile; fileRef = 3477242C20A42D7B0082D57F /* Filter.json */; };
		347C65EB20A59EAC004B07D8 /* FW1977Filter.m in Sources */ = {isa = PBXBuildFile; fileRef = 347C65C220A59EAC004B07D8 /* FW1977Filter.m */; };
		347C65EC20A59EAC004B07D8 /* FWAmaroFilter.m in Sources */ = {isa = PBXBuildFile; fileRef = 347C65C420A59EAC004B07D8 /* FWAmaroFilter.m */; };
		347C65EE20A59EAC004B07D8 /* FWBrannanFilter.m in Sources */ = {isa = PBXBuildFile; fileRef = 347C65C820A59EAC004B07D8 /* FWBrannanFilter.m */; };
		347C65EF20A59EAC004B07D8 /* FWEarlybirdFilter.m in Sources */ = {isa = PBXBuildFile; fileRef = 347C65CA20A59EAC004B07D8 /* FWEarlybirdFilter.m */; };
		347C65F020A59EAC004B07D8 /* FWFiveInputFilter.m in Sources */ = {isa = PBXBuildFile; fileRef = 347C65CC20A59EAC004B07D8 /* FWFiveInputFilter.m */; };
		347C65F120A59EAC004B07D8 /* FWHefeFilter.m in Sources */ = {isa = PBXBuildFile; fileRef = 347C65CE20A59EAC004B07D8 /* FWHefeFilter.m */; };
		347C65F220A59EAC004B07D8 /* FWHudsonFilter.m in Sources */ = {isa = PBXBuildFile; fileRef = 347C65D020A59EAC004B07D8 /* FWHudsonFilter.m */; };
		347C65F320A59EAC004B07D8 /* FWInkwellFilter.m in Sources */ = {isa = PBXBuildFile; fileRef = 347C65D220A59EAC004B07D8 /* FWInkwellFilter.m */; };
		347C65F420A59EAC004B07D8 /* FWLomofiFilter.m in Sources */ = {isa = PBXBuildFile; fileRef = 347C65D420A59EAC004B07D8 /* FWLomofiFilter.m */; };
		347C65F520A59EAC004B07D8 /* FWLOMOFilter1.m in Sources */ = {isa = PBXBuildFile; fileRef = 347C65D620A59EAC004B07D8 /* FWLOMOFilter1.m */; };
		347C65F620A59EAC004B07D8 /* FWLordKelvinFilter.m in Sources */ = {isa = PBXBuildFile; fileRef = 347C65D820A59EAC004B07D8 /* FWLordKelvinFilter.m */; };
		347C65F720A59EAC004B07D8 /* FWNashvilleFilter.m in Sources */ = {isa = PBXBuildFile; fileRef = 347C65DA20A59EAC004B07D8 /* FWNashvilleFilter.m */; };
		347C65F820A59EAC004B07D8 /* FWRiseFilter.m in Sources */ = {isa = PBXBuildFile; fileRef = 347C65DC20A59EAC004B07D8 /* FWRiseFilter.m */; };
		347C65F920A59EAC004B07D8 /* FWSierraFilter.m in Sources */ = {isa = PBXBuildFile; fileRef = 347C65DE20A59EAC004B07D8 /* FWSierraFilter.m */; };
		347C65FA20A59EAC004B07D8 /* FWSixInputFilter.m in Sources */ = {isa = PBXBuildFile; fileRef = 347C65E020A59EAC004B07D8 /* FWSixInputFilter.m */; };
		347C65FB20A59EAC004B07D8 /* FWSutroFilter.m in Sources */ = {isa = PBXBuildFile; fileRef = 347C65E220A59EAC004B07D8 /* FWSutroFilter.m */; };
		347C65FC20A59EAC004B07D8 /* FWToasterFilter.m in Sources */ = {isa = PBXBuildFile; fileRef = 347C65E420A59EAC004B07D8 /* FWToasterFilter.m */; };
		347C65FD20A59EAC004B07D8 /* FWValenciaFilter.m in Sources */ = {isa = PBXBuildFile; fileRef = 347C65E620A59EAC004B07D8 /* FWValenciaFilter.m */; };
		347C65FE20A59EAC004B07D8 /* FWWaldenFilter.m in Sources */ = {isa = PBXBuildFile; fileRef = 347C65E820A59EAC004B07D8 /* FWWaldenFilter.m */; };
		347C65FF20A59EAC004B07D8 /* FWXproIIFilter.m in Sources */ = {isa = PBXBuildFile; fileRef = 347C65EA20A59EAC004B07D8 /* FWXproIIFilter.m */; };
		3480DF5720B79F0200289A08 /* CameraButtonView.m in Sources */ = {isa = PBXBuildFile; fileRef = 3480DF5620B79F0200289A08 /* CameraButtonView.m */; };
		3480DF5A20B7A57500289A08 /* MNCircleView.m in Sources */ = {isa = PBXBuildFile; fileRef = 3480DF5920B7A57500289A08 /* MNCircleView.m */; };
		3480DF5D20B7A68700289A08 /* MNSolidCircleView.m in Sources */ = {isa = PBXBuildFile; fileRef = 3480DF5C20B7A68700289A08 /* MNSolidCircleView.m */; };
		34922BB0209BE4090009FEB5 /* BottomBarView.m in Sources */ = {isa = PBXBuildFile; fileRef = 34922BAC209BE4090009FEB5 /* BottomBarView.m */; };
		34922BB1209BE4090009FEB5 /* ToolBarView.m in Sources */ = {isa = PBXBuildFile; fileRef = 34922BAF209BE4090009FEB5 /* ToolBarView.m */; };
		349A982F20ABD1CF0064E2A1 /* MNImagePickerViewController.m in Sources */ = {isa = PBXBuildFile; fileRef = 349A982E20ABD1CF0064E2A1 /* MNImagePickerViewController.m */; };
		349A983220ABDF9C0064E2A1 /* MNGetPhotoAlbums.m in Sources */ = {isa = PBXBuildFile; fileRef = 349A983120ABDF9C0064E2A1 /* MNGetPhotoAlbums.m */; };
		349A983520AC110D0064E2A1 /* ImgHeaderView.m in Sources */ = {isa = PBXBuildFile; fileRef = 349A983420AC110D0064E2A1 /* ImgHeaderView.m */; };
		349A983820AC27800064E2A1 /* MNTitleButton.m in Sources */ = {isa = PBXBuildFile; fileRef = 349A983720AC27800064E2A1 /* MNTitleButton.m */; };
		34A8146420AAE1BB00971CBA /* PictureFilterViewController.m in Sources */ = {isa = PBXBuildFile; fileRef = 34A8146320AAE1BB00971CBA /* PictureFilterViewController.m */; };
		34B1A4F5209AEA090039B074 /* MainViewController.m in Sources */ = {isa = PBXBuildFile; fileRef = 34B1A4F4209AEA090039B074 /* MainViewController.m */; };
		34B1A504209B18870039B074 /* DrawCyclesButton.m in Sources */ = {isa = PBXBuildFile; fileRef = 34B1A503209B18870039B074 /* DrawCyclesButton.m */; };
		34CA5CCD20A5256B00FB988D /* FilterSampleModel.m in Sources */ = {isa = PBXBuildFile; fileRef = 34CA5CCC20A5256B00FB988D /* FilterSampleModel.m */; };
		34D5DD0F209DCCA000F9182D /* GPUImageBeautifyFilter.m in Sources */ = {isa = PBXBuildFile; fileRef = 34D5DD0E209DCCA000F9182D /* GPUImageBeautifyFilter.m */; };
		34E7A46E20A2DB4F00DEE629 /* CameraFilterView.m in Sources */ = {isa = PBXBuildFile; fileRef = 34E7A46D20A2DB4F00DEE629 /* CameraFilterView.m */; };
		9D4027BD49C8E420A7B313D4 /* libPods-MyNewPhoto.a in Frameworks */ = {isa = PBXBuildFile; fileRef = 1EC42C55EF4D683FABD04253 /* libPods-MyNewPhoto.a */; };
/* End PBXBuildFile section */

/* Begin PBXContainerItemProxy section */
		3470A86820994DD4003972FD /* PBXContainerItemProxy */ = {
			isa = PBXContainerItemProxy;
			containerPortal = 3470A84720994DD1003972FD /* Project object */;
			proxyType = 1;
			remoteGlobalIDString = 3470A84E20994DD1003972FD;
			remoteInfo = MyNewPhoto;
		};
		3470A87320994DD4003972FD /* PBXContainerItemProxy */ = {
			isa = PBXContainerItemProxy;
			containerPortal = 3470A84720994DD1003972FD /* Project object */;
			proxyType = 1;
			remoteGlobalIDString = 3470A84E20994DD1003972FD;
			remoteInfo = MyNewPhoto;
		};
/* End PBXContainerItemProxy section */

/* Begin PBXCopyFilesBuildPhase section */
		34B1A4D3209AAC1B0039B074 /* Embed Frameworks */ = {
			isa = PBXCopyFilesBuildPhase;
			buildActionMask = 2147483647;
			dstPath = "";
			dstSubfolderSpec = 10;
			files = (
			);
			name = "Embed Frameworks";
			runOnlyForDeploymentPostprocessing = 0;
		};
/* End PBXCopyFilesBuildPhase section */

/* Begin PBXFileReference section */
		1312EE20BA627F33388B0604 /* Pods-MyNewPhoto.release.xcconfig */ = {isa = PBXFileReference; includeInIndex = 1; lastKnownFileType = text.xcconfig; name = "Pods-MyNewPhoto.release.xcconfig"; path = "Pods/Target Support Files/Pods-MyNewPhoto/Pods-MyNewPhoto.release.xcconfig"; sourceTree = "<group>"; };
		1EC42C55EF4D683FABD04253 /* libPods-MyNewPhoto.a */ = {isa = PBXFileReference; explicitFileType = archive.ar; includeInIndex = 0; path = "libPods-MyNewPhoto.a"; sourceTree = BUILT_PRODUCTS_DIR; };
		342EB0C2209C391C006F762B /* UIImage+RoundCorner.h */ = {isa = PBXFileReference; lastKnownFileType = sourcecode.c.h; path = "UIImage+RoundCorner.h"; sourceTree = "<group>"; };
		342EB0C3209C391C006F762B /* UIImage+RoundCorner.m */ = {isa = PBXFileReference; lastKnownFileType = sourcecode.c.objc; path = "UIImage+RoundCorner.m"; sourceTree = "<group>"; };
		342EB0C8209C3CB3006F762B /* CyclesView.h */ = {isa = PBXFileReference; lastKnownFileType = sourcecode.c.h; path = CyclesView.h; sourceTree = "<group>"; };
		342EB0C9209C3CB3006F762B /* CyclesView.m */ = {isa = PBXFileReference; lastKnownFileType = sourcecode.c.objc; path = CyclesView.m; sourceTree = "<group>"; };
		3432591520AD21EF00C11FFE /* zh-Hans */ = {isa = PBXFileReference; lastKnownFileType = text.plist.strings; name = "zh-Hans"; path = "zh-Hans.lproj/Main.strings"; sourceTree = "<group>"; };
		3432591620AD21EF00C11FFE /* zh-Hans */ = {isa = PBXFileReference; lastKnownFileType = text.plist.strings; name = "zh-Hans"; path = "zh-Hans.lproj/LaunchScreen.strings"; sourceTree = "<group>"; };
		3432591720AD652D00C11FFE /* MNPictrueCollectionViewCell.h */ = {isa = PBXFileReference; lastKnownFileType = sourcecode.c.h; path = MNPictrueCollectionViewCell.h; sourceTree = "<group>"; };
		3432591820AD652D00C11FFE /* MNPictrueCollectionViewCell.m */ = {isa = PBXFileReference; lastKnownFileType = sourcecode.c.objc; path = MNPictrueCollectionViewCell.m; sourceTree = "<group>"; };
		3432591A20AD6F0000C11FFE /* PicCollectTableViewCell.h */ = {isa = PBXFileReference; lastKnownFileType = sourcecode.c.h; path = PicCollectTableViewCell.h; sourceTree = "<group>"; };
		3432591B20AD6F0000C11FFE /* PicCollectTableViewCell.m */ = {isa = PBXFileReference; lastKnownFileType = sourcecode.c.objc; path = PicCollectTableViewCell.m; sourceTree = "<group>"; };
		3446A7E020B26D88002BAC6E /* SysPictureModel.h */ = {isa = PBXFileReference; lastKnownFileType = sourcecode.c.h; path = SysPictureModel.h; sourceTree = "<group>"; };
		3446A7E120B26D88002BAC6E /* SysPictureModel.m */ = {isa = PBXFileReference; lastKnownFileType = sourcecode.c.objc; path = SysPictureModel.m; sourceTree = "<group>"; };
		3470A84F20994DD1003972FD /* MyNewPhoto.app */ = {isa = PBXFileReference; explicitFileType = wrapper.application; includeInIndex = 0; path = MyNewPhoto.app; sourceTree = BUILT_PRODUCTS_DIR; };
		3470A85220994DD1003972FD /* AppDelegate.h */ = {isa = PBXFileReference; lastKnownFileType = sourcecode.c.h; path = AppDelegate.h; sourceTree = "<group>"; };
		3470A85320994DD1003972FD /* AppDelegate.m */ = {isa = PBXFileReference; lastKnownFileType = sourcecode.c.objc; path = AppDelegate.m; sourceTree = "<group>"; };
		3470A85520994DD1003972FD /* ViewController.h */ = {isa = PBXFileReference; lastKnownFileType = sourcecode.c.h; path = ViewController.h; sourceTree = "<group>"; };
		3470A85620994DD1003972FD /* ViewController.m */ = {isa = PBXFileReference; lastKnownFileType = sourcecode.c.objc; path = ViewController.m; sourceTree = "<group>"; };
		3470A85920994DD1003972FD /* Base */ = {isa = PBXFileReference; lastKnownFileType = file.storyboard; name = Base; path = Base.lproj/Main.storyboard; sourceTree = "<group>"; };
		3470A85B20994DD4003972FD /* Assets.xcassets */ = {isa = PBXFileReference; lastKnownFileType = folder.assetcatalog; path = Assets.xcassets; sourceTree = "<group>"; };
		3470A85E20994DD4003972FD /* Base */ = {isa = PBXFileReference; lastKnownFileType = file.storyboard; name = Base; path = Base.lproj/LaunchScreen.storyboard; sourceTree = "<group>"; };
		3470A86020994DD4003972FD /* Info.plist */ = {isa = PBXFileReference; lastKnownFileType = text.plist.xml; path = Info.plist; sourceTree = "<group>"; };
		3470A86120994DD4003972FD /* main.m */ = {isa = PBXFileReference; lastKnownFileType = sourcecode.c.objc; path = main.m; sourceTree = "<group>"; };
		3470A86720994DD4003972FD /* MyNewPhotoTests.xctest */ = {isa = PBXFileReference; explicitFileType = wrapper.cfbundle; includeInIndex = 0; path = MyNewPhotoTests.xctest; sourceTree = BUILT_PRODUCTS_DIR; };
		3470A86B20994DD4003972FD /* MyNewPhotoTests.m */ = {isa = PBXFileReference; lastKnownFileType = sourcecode.c.objc; path = MyNewPhotoTests.m; sourceTree = "<group>"; };
		3470A86D20994DD4003972FD /* Info.plist */ = {isa = PBXFileReference; lastKnownFileType = text.plist.xml; path = Info.plist; sourceTree = "<group>"; };
		3470A87220994DD4003972FD /* MyNewPhotoUITests.xctest */ = {isa = PBXFileReference; explicitFileType = wrapper.cfbundle; includeInIndex = 0; path = MyNewPhotoUITests.xctest; sourceTree = BUILT_PRODUCTS_DIR; };
		3470A87620994DD4003972FD /* MyNewPhotoUITests.m */ = {isa = PBXFileReference; lastKnownFileType = sourcecode.c.objc; path = MyNewPhotoUITests.m; sourceTree = "<group>"; };
		3470A87820994DD4003972FD /* Info.plist */ = {isa = PBXFileReference; lastKnownFileType = text.plist.xml; path = Info.plist; sourceTree = "<group>"; };
		3472093D20A972C8009A8DB9 /* GPUImageFourInputFilter.m */ = {isa = PBXFileReference; fileEncoding = 4; lastKnownFileType = sourcecode.c.objc; path = GPUImageFourInputFilter.m; sourceTree = "<group>"; };
		3472093E20A972C8009A8DB9 /* GPUImageFourInputFilter.h */ = {isa = PBXFileReference; fileEncoding = 4; lastKnownFileType = sourcecode.c.h; path = GPUImageFourInputFilter.h; sourceTree = "<group>"; };
		3472094120A9767D009A8DB9 /* 1977blowout.png */ = {isa = PBXFileReference; lastKnownFileType = image.png; path = 1977blowout.png; sourceTree = "<group>"; };
		3472094220A9767D009A8DB9 /* 1977map.png */ = {isa = PBXFileReference; lastKnownFileType = image.png; path = 1977map.png; sourceTree = "<group>"; };
		3472094320A9767D009A8DB9 /* amaroMap.png */ = {isa = PBXFileReference; lastKnownFileType = image.png; path = amaroMap.png; sourceTree = "<group>"; };
		3472094420A9767D009A8DB9 /* blackboard1024.png */ = {isa = PBXFileReference; lastKnownFileType = image.png; path = blackboard1024.png; sourceTree = "<group>"; };
		3472094520A9767D009A8DB9 /* brannanBlowout.png */ = {isa = PBXFileReference; lastKnownFileType = image.png; path = brannanBlowout.png; sourceTree = "<group>"; };
		3472094620A9767D009A8DB9 /* brannanContrast.png */ = {isa = PBXFileReference; lastKnownFileType = image.png; path = brannanContrast.png; sourceTree = "<group>"; };
		3472094720A9767D009A8DB9 /* brannanLuma.png */ = {isa = PBXFileReference; lastKnownFileType = image.png; path = brannanLuma.png; sourceTree = "<group>"; };
		3472094820A9767D009A8DB9 /* brannanProcess.png */ = {isa = PBXFileReference; lastKnownFileType = image.png; path = brannanProcess.png; sourceTree = "<group>"; };
		3472094920A9767D009A8DB9 /* brannanScreen.png */ = {isa = PBXFileReference; lastKnownFileType = image.png; path = brannanScreen.png; sourceTree = "<group>"; };
		3472094A20A9767D009A8DB9 /* earlybirdBlowout.png */ = {isa = PBXFileReference; lastKnownFileType = image.png; path = earlybirdBlowout.png; sourceTree = "<group>"; };
		3472094B20A9767D009A8DB9 /* earlyBirdCurves.png */ = {isa = PBXFileReference; lastKnownFileType = image.png; path = earlyBirdCurves.png; sourceTree = "<group>"; };
		3472094C20A9767D009A8DB9 /* earlybirdMap.png */ = {isa = PBXFileReference; lastKnownFileType = image.png; path = earlybirdMap.png; sourceTree = "<group>"; };
		3472094D20A9767D009A8DB9 /* earlybirdOverlayMap.png */ = {isa = PBXFileReference; lastKnownFileType = image.png; path = earlybirdOverlayMap.png; sourceTree = "<group>"; };
		3472094E20A9767D009A8DB9 /* edgeBurn.png */ = {isa = PBXFileReference; lastKnownFileType = image.png; path = edgeBurn.png; sourceTree = "<group>"; };
		3472094F20A9767D009A8DB9 /* hefeGradientMap.png */ = {isa = PBXFileReference; lastKnownFileType = image.png; path = hefeGradientMap.png; sourceTree = "<group>"; };
		3472095020A9767D009A8DB9 /* hefeMap.png */ = {isa = PBXFileReference; lastKnownFileType = image.png; path = hefeMap.png; sourceTree = "<group>"; };
		3472095120A9767D009A8DB9 /* hefeMetal.png */ = {isa = PBXFileReference; lastKnownFileType = image.png; path = hefeMetal.png; sourceTree = "<group>"; };
		3472095220A9767D009A8DB9 /* hefeSoftLight.png */ = {isa = PBXFileReference; lastKnownFileType = image.png; path = hefeSoftLight.png; sourceTree = "<group>"; };
		3472095320A9767D009A8DB9 /* hudsonBackground.png */ = {isa = PBXFileReference; lastKnownFileType = image.png; path = hudsonBackground.png; sourceTree = "<group>"; };
		3472095420A9767D009A8DB9 /* hudsonMap.png */ = {isa = PBXFileReference; lastKnownFileType = image.png; path = hudsonMap.png; sourceTree = "<group>"; };
		3472095520A9767D009A8DB9 /* inkwellMap.png */ = {isa = PBXFileReference; lastKnownFileType = image.png; path = inkwellMap.png; sourceTree = "<group>"; };
		3472095620A9767D009A8DB9 /* kelvinMap.png */ = {isa = PBXFileReference; lastKnownFileType = image.png; path = kelvinMap.png; sourceTree = "<group>"; };
		3472095720A9767D009A8DB9 /* lomoMap.png */ = {isa = PBXFileReference; lastKnownFileType = image.png; path = lomoMap.png; sourceTree = "<group>"; };
		3472095820A9767D009A8DB9 /* nashvilleMap.png */ = {isa = PBXFileReference; lastKnownFileType = image.png; path = nashvilleMap.png; sourceTree = "<group>"; };
		3472095920A9767D009A8DB9 /* overlayMap.png */ = {isa = PBXFileReference; lastKnownFileType = image.png; path = overlayMap.png; sourceTree = "<group>"; };
		3472095A20A9767D009A8DB9 /* riseMap.png */ = {isa = PBXFileReference; lastKnownFileType = image.png; path = riseMap.png; sourceTree = "<group>"; };
		3472095B20A9767D009A8DB9 /* sierraMap.png */ = {isa = PBXFileReference; lastKnownFileType = image.png; path = sierraMap.png; sourceTree = "<group>"; };
		3472095C20A9767D009A8DB9 /* sierraVignette.png */ = {isa = PBXFileReference; lastKnownFileType = image.png; path = sierraVignette.png; sourceTree = "<group>"; };
		3472095D20A9767D009A8DB9 /* softLight.png */ = {isa = PBXFileReference; lastKnownFileType = image.png; path = softLight.png; sourceTree = "<group>"; };
		3472095E20A9767D009A8DB9 /* sutroCurves.png */ = {isa = PBXFileReference; lastKnownFileType = image.png; path = sutroCurves.png; sourceTree = "<group>"; };
		3472095F20A9767D009A8DB9 /* sutroEdgeBurn.png */ = {isa = PBXFileReference; lastKnownFileType = image.png; path = sutroEdgeBurn.png; sourceTree = "<group>"; };
		3472096020A9767D009A8DB9 /* sutroMetal.png */ = {isa = PBXFileReference; lastKnownFileType = image.png; path = sutroMetal.png; sourceTree = "<group>"; };
		3472096120A9767D009A8DB9 /* toasterColorShift.png */ = {isa = PBXFileReference; lastKnownFileType = image.png; path = toasterColorShift.png; sourceTree = "<group>"; };
		3472096220A9767D009A8DB9 /* toasterCurves.png */ = {isa = PBXFileReference; lastKnownFileType = image.png; path = toasterCurves.png; sourceTree = "<group>"; };
		3472096320A9767D009A8DB9 /* toasterMetal.png */ = {isa = PBXFileReference; lastKnownFileType = image.png; path = toasterMetal.png; sourceTree = "<group>"; };
		3472096420A9767D009A8DB9 /* toasterOverlayMapWarm.png */ = {isa = PBXFileReference; lastKnownFileType = image.png; path = toasterOverlayMapWarm.png; sourceTree = "<group>"; };
		3472096520A9767D009A8DB9 /* toasterSoftLight.png */ = {isa = PBXFileReference; lastKnownFileType = image.png; path = toasterSoftLight.png; sourceTree = "<group>"; };
		3472096620A9767D009A8DB9 /* valenciaGradientMap.png */ = {isa = PBXFileReference; lastKnownFileType = image.png; path = valenciaGradientMap.png; sourceTree = "<group>"; };
		3472096720A9767D009A8DB9 /* valenciaMap.png */ = {isa = PBXFileReference; lastKnownFileType = image.png; path = valenciaMap.png; sourceTree = "<group>"; };
		3472096820A9767D009A8DB9 /* vignetteMap.png */ = {isa = PBXFileReference; lastKnownFileType = image.png; path = vignetteMap.png; sourceTree = "<group>"; };
		3472096920A9767D009A8DB9 /* waldenMap.png */ = {isa = PBXFileReference; lastKnownFileType = image.png; path = waldenMap.png; sourceTree = "<group>"; };
		3472096A20A9767D009A8DB9 /* xproMap.png */ = {isa = PBXFileReference; lastKnownFileType = image.png; path = xproMap.png; sourceTree = "<group>"; };
		3472099F20A98053009A8DB9 /* lookup_soft_elegance_1.png */ = {isa = PBXFileReference; lastKnownFileType = image.png; path = lookup_soft_elegance_1.png; sourceTree = "<group>"; };
		347209A020A98054009A8DB9 /* lookup_amatorka.png */ = {isa = PBXFileReference; lastKnownFileType = image.png; path = lookup_amatorka.png; sourceTree = "<group>"; };
		347209A120A98054009A8DB9 /* lookup_miss_etikate.png */ = {isa = PBXFileReference; lastKnownFileType = image.png; path = lookup_miss_etikate.png; sourceTree = "<group>"; };
		347209A220A98054009A8DB9 /* lookup_soft_elegance_2.png */ = {isa = PBXFileReference; lastKnownFileType = image.png; path = lookup_soft_elegance_2.png; sourceTree = "<group>"; };
		347209A320A98054009A8DB9 /* lookup.png */ = {isa = PBXFileReference; lastKnownFileType = image.png; path = lookup.png; sourceTree = "<group>"; };
		3477242320A3DCAF0082D57F /* FilterCollectionViewCell.h */ = {isa = PBXFileReference; lastKnownFileType = sourcecode.c.h; path = FilterCollectionViewCell.h; sourceTree = "<group>"; };
		3477242420A3DCAF0082D57F /* FilterCollectionViewCell.m */ = {isa = PBXFileReference; lastKnownFileType = sourcecode.c.objc; path = FilterCollectionViewCell.m; sourceTree = "<group>"; };
		3477242920A42AA80082D57F /* FilterManager.h */ = {isa = PBXFileReference; lastKnownFileType = sourcecode.c.h; path = FilterManager.h; sourceTree = "<group>"; };
		3477242A20A42AA80082D57F /* FilterManager.m */ = {isa = PBXFileReference; lastKnownFileType = sourcecode.c.objc; path = FilterManager.m; sourceTree = "<group>"; };
		3477242C20A42D7B0082D57F /* Filter.json */ = {isa = PBXFileReference; lastKnownFileType = text.json; path = Filter.json; sourceTree = "<group>"; };
		347C65C120A59EAC004B07D8 /* FW1977Filter.h */ = {isa = PBXFileReference; fileEncoding = 4; lastKnownFileType = sourcecode.c.h; path = FW1977Filter.h; sourceTree = "<group>"; };
		347C65C220A59EAC004B07D8 /* FW1977Filter.m */ = {isa = PBXFileReference; fileEncoding = 4; lastKnownFileType = sourcecode.c.objc; path = FW1977Filter.m; sourceTree = "<group>"; };
		347C65C320A59EAC004B07D8 /* FWAmaroFilter.h */ = {isa = PBXFileReference; fileEncoding = 4; lastKnownFileType = sourcecode.c.h; path = FWAmaroFilter.h; sourceTree = "<group>"; };
		347C65C420A59EAC004B07D8 /* FWAmaroFilter.m */ = {isa = PBXFileReference; fileEncoding = 4; lastKnownFileType = sourcecode.c.objc; path = FWAmaroFilter.m; sourceTree = "<group>"; };
		347C65C720A59EAC004B07D8 /* FWBrannanFilter.h */ = {isa = PBXFileReference; fileEncoding = 4; lastKnownFileType = sourcecode.c.h; path = FWBrannanFilter.h; sourceTree = "<group>"; };
		347C65C820A59EAC004B07D8 /* FWBrannanFilter.m */ = {isa = PBXFileReference; fileEncoding = 4; lastKnownFileType = sourcecode.c.objc; path = FWBrannanFilter.m; sourceTree = "<group>"; };
		347C65C920A59EAC004B07D8 /* FWEarlybirdFilter.h */ = {isa = PBXFileReference; fileEncoding = 4; lastKnownFileType = sourcecode.c.h; path = FWEarlybirdFilter.h; sourceTree = "<group>"; };
		347C65CA20A59EAC004B07D8 /* FWEarlybirdFilter.m */ = {isa = PBXFileReference; fileEncoding = 4; lastKnownFileType = sourcecode.c.objc; path = FWEarlybirdFilter.m; sourceTree = "<group>"; };
		347C65CB20A59EAC004B07D8 /* FWFiveInputFilter.h */ = {isa = PBXFileReference; fileEncoding = 4; lastKnownFileType = sourcecode.c.h; path = FWFiveInputFilter.h; sourceTree = "<group>"; };
		347C65CC20A59EAC004B07D8 /* FWFiveInputFilter.m */ = {isa = PBXFileReference; fileEncoding = 4; lastKnownFileType = sourcecode.c.objc; path = FWFiveInputFilter.m; sourceTree = "<group>"; };
		347C65CD20A59EAC004B07D8 /* FWHefeFilter.h */ = {isa = PBXFileReference; fileEncoding = 4; lastKnownFileType = sourcecode.c.h; path = FWHefeFilter.h; sourceTree = "<group>"; };
		347C65CE20A59EAC004B07D8 /* FWHefeFilter.m */ = {isa = PBXFileReference; fileEncoding = 4; lastKnownFileType = sourcecode.c.objc; path = FWHefeFilter.m; sourceTree = "<group>"; };
		347C65CF20A59EAC004B07D8 /* FWHudsonFilter.h */ = {isa = PBXFileReference; fileEncoding = 4; lastKnownFileType = sourcecode.c.h; path = FWHudsonFilter.h; sourceTree = "<group>"; };
		347C65D020A59EAC004B07D8 /* FWHudsonFilter.m */ = {isa = PBXFileReference; fileEncoding = 4; lastKnownFileType = sourcecode.c.objc; path = FWHudsonFilter.m; sourceTree = "<group>"; };
		347C65D120A59EAC004B07D8 /* FWInkwellFilter.h */ = {isa = PBXFileReference; fileEncoding = 4; lastKnownFileType = sourcecode.c.h; path = FWInkwellFilter.h; sourceTree = "<group>"; };
		347C65D220A59EAC004B07D8 /* FWInkwellFilter.m */ = {isa = PBXFileReference; fileEncoding = 4; lastKnownFileType = sourcecode.c.objc; path = FWInkwellFilter.m; sourceTree = "<group>"; };
		347C65D320A59EAC004B07D8 /* FWLomofiFilter.h */ = {isa = PBXFileReference; fileEncoding = 4; lastKnownFileType = sourcecode.c.h; path = FWLomofiFilter.h; sourceTree = "<group>"; };
		347C65D420A59EAC004B07D8 /* FWLomofiFilter.m */ = {isa = PBXFileReference; fileEncoding = 4; lastKnownFileType = sourcecode.c.objc; path = FWLomofiFilter.m; sourceTree = "<group>"; };
		347C65D520A59EAC004B07D8 /* FWLOMOFilter1.h */ = {isa = PBXFileReference; fileEncoding = 4; lastKnownFileType = sourcecode.c.h; path = FWLOMOFilter1.h; sourceTree = "<group>"; };
		347C65D620A59EAC004B07D8 /* FWLOMOFilter1.m */ = {isa = PBXFileReference; fileEncoding = 4; lastKnownFileType = sourcecode.c.objc; path = FWLOMOFilter1.m; sourceTree = "<group>"; };
		347C65D720A59EAC004B07D8 /* FWLordKelvinFilter.h */ = {isa = PBXFileReference; fileEncoding = 4; lastKnownFileType = sourcecode.c.h; path = FWLordKelvinFilter.h; sourceTree = "<group>"; };
		347C65D820A59EAC004B07D8 /* FWLordKelvinFilter.m */ = {isa = PBXFileReference; fileEncoding = 4; lastKnownFileType = sourcecode.c.objc; path = FWLordKelvinFilter.m; sourceTree = "<group>"; };
		347C65D920A59EAC004B07D8 /* FWNashvilleFilter.h */ = {isa = PBXFileReference; fileEncoding = 4; lastKnownFileType = sourcecode.c.h; path = FWNashvilleFilter.h; sourceTree = "<group>"; };
		347C65DA20A59EAC004B07D8 /* FWNashvilleFilter.m */ = {isa = PBXFileReference; fileEncoding = 4; lastKnownFileType = sourcecode.c.objc; path = FWNashvilleFilter.m; sourceTree = "<group>"; };
		347C65DB20A59EAC004B07D8 /* FWRiseFilter.h */ = {isa = PBXFileReference; fileEncoding = 4; lastKnownFileType = sourcecode.c.h; path = FWRiseFilter.h; sourceTree = "<group>"; };
		347C65DC20A59EAC004B07D8 /* FWRiseFilter.m */ = {isa = PBXFileReference; fileEncoding = 4; lastKnownFileType = sourcecode.c.objc; path = FWRiseFilter.m; sourceTree = "<group>"; };
		347C65DD20A59EAC004B07D8 /* FWSierraFilter.h */ = {isa = PBXFileReference; fileEncoding = 4; lastKnownFileType = sourcecode.c.h; path = FWSierraFilter.h; sourceTree = "<group>"; };
		347C65DE20A59EAC004B07D8 /* FWSierraFilter.m */ = {isa = PBXFileReference; fileEncoding = 4; lastKnownFileType = sourcecode.c.objc; path = FWSierraFilter.m; sourceTree = "<group>"; };
		347C65DF20A59EAC004B07D8 /* FWSixInputFilter.h */ = {isa = PBXFileReference; fileEncoding = 4; lastKnownFileType = sourcecode.c.h; path = FWSixInputFilter.h; sourceTree = "<group>"; };
		347C65E020A59EAC004B07D8 /* FWSixInputFilter.m */ = {isa = PBXFileReference; fileEncoding = 4; lastKnownFileType = sourcecode.c.objc; path = FWSixInputFilter.m; sourceTree = "<group>"; };
		347C65E120A59EAC004B07D8 /* FWSutroFilter.h */ = {isa = PBXFileReference; fileEncoding = 4; lastKnownFileType = sourcecode.c.h; path = FWSutroFilter.h; sourceTree = "<group>"; };
		347C65E220A59EAC004B07D8 /* FWSutroFilter.m */ = {isa = PBXFileReference; fileEncoding = 4; lastKnownFileType = sourcecode.c.objc; path = FWSutroFilter.m; sourceTree = "<group>"; };
		347C65E320A59EAC004B07D8 /* FWToasterFilter.h */ = {isa = PBXFileReference; fileEncoding = 4; lastKnownFileType = sourcecode.c.h; path = FWToasterFilter.h; sourceTree = "<group>"; };
		347C65E420A59EAC004B07D8 /* FWToasterFilter.m */ = {isa = PBXFileReference; fileEncoding = 4; lastKnownFileType = sourcecode.c.objc; path = FWToasterFilter.m; sourceTree = "<group>"; };
		347C65E520A59EAC004B07D8 /* FWValenciaFilter.h */ = {isa = PBXFileReference; fileEncoding = 4; lastKnownFileType = sourcecode.c.h; path = FWValenciaFilter.h; sourceTree = "<group>"; };
		347C65E620A59EAC004B07D8 /* FWValenciaFilter.m */ = {isa = PBXFileReference; fileEncoding = 4; lastKnownFileType = sourcecode.c.objc; path = FWValenciaFilter.m; sourceTree = "<group>"; };
		347C65E720A59EAC004B07D8 /* FWWaldenFilter.h */ = {isa = PBXFileReference; fileEncoding = 4; lastKnownFileType = sourcecode.c.h; path = FWWaldenFilter.h; sourceTree = "<group>"; };
		347C65E820A59EAC004B07D8 /* FWWaldenFilter.m */ = {isa = PBXFileReference; fileEncoding = 4; lastKnownFileType = sourcecode.c.objc; path = FWWaldenFilter.m; sourceTree = "<group>"; };
		347C65E920A59EAC004B07D8 /* FWXproIIFilter.h */ = {isa = PBXFileReference; fileEncoding = 4; lastKnownFileType = sourcecode.c.h; path = FWXproIIFilter.h; sourceTree = "<group>"; };
		347C65EA20A59EAC004B07D8 /* FWXproIIFilter.m */ = {isa = PBXFileReference; fileEncoding = 4; lastKnownFileType = sourcecode.c.objc; path = FWXproIIFilter.m; sourceTree = "<group>"; };
		3480DF5520B79F0200289A08 /* CameraButtonView.h */ = {isa = PBXFileReference; lastKnownFileType = sourcecode.c.h; path = CameraButtonView.h; sourceTree = "<group>"; };
		3480DF5620B79F0200289A08 /* CameraButtonView.m */ = {isa = PBXFileReference; lastKnownFileType = sourcecode.c.objc; path = CameraButtonView.m; sourceTree = "<group>"; };
		3480DF5820B7A57500289A08 /* MNCircleView.h */ = {isa = PBXFileReference; lastKnownFileType = sourcecode.c.h; path = MNCircleView.h; sourceTree = "<group>"; };
		3480DF5920B7A57500289A08 /* MNCircleView.m */ = {isa = PBXFileReference; lastKnownFileType = sourcecode.c.objc; path = MNCircleView.m; sourceTree = "<group>"; };
		3480DF5B20B7A68700289A08 /* MNSolidCircleView.h */ = {isa = PBXFileReference; lastKnownFileType = sourcecode.c.h; path = MNSolidCircleView.h; sourceTree = "<group>"; };
		3480DF5C20B7A68700289A08 /* MNSolidCircleView.m */ = {isa = PBXFileReference; lastKnownFileType = sourcecode.c.objc; path = MNSolidCircleView.m; sourceTree = "<group>"; };
		34922BAC209BE4090009FEB5 /* BottomBarView.m */ = {isa = PBXFileReference; fileEncoding = 4; lastKnownFileType = sourcecode.c.objc; path = BottomBarView.m; sourceTree = "<group>"; };
		34922BAD209BE4090009FEB5 /* BottomBarView.h */ = {isa = PBXFileReference; fileEncoding = 4; lastKnownFileType = sourcecode.c.h; path = BottomBarView.h; sourceTree = "<group>"; };
		34922BAE209BE4090009FEB5 /* ToolBarView.h */ = {isa = PBXFileReference; fileEncoding = 4; lastKnownFileType = sourcecode.c.h; path = ToolBarView.h; sourceTree = "<group>"; };
		34922BAF209BE4090009FEB5 /* ToolBarView.m */ = {isa = PBXFileReference; fileEncoding = 4; lastKnownFileType = sourcecode.c.objc; path = ToolBarView.m; sourceTree = "<group>"; };
		349A982D20ABD1CF0064E2A1 /* MNImagePickerViewController.h */ = {isa = PBXFileReference; lastKnownFileType = sourcecode.c.h; path = MNImagePickerViewController.h; sourceTree = "<group>"; };
		349A982E20ABD1CF0064E2A1 /* MNImagePickerViewController.m */ = {isa = PBXFileReference; lastKnownFileType = sourcecode.c.objc; path = MNImagePickerViewController.m; sourceTree = "<group>"; };
		349A983020ABDF9C0064E2A1 /* MNGetPhotoAlbums.h */ = {isa = PBXFileReference; lastKnownFileType = sourcecode.c.h; path = MNGetPhotoAlbums.h; sourceTree = "<group>"; };
		349A983120ABDF9C0064E2A1 /* MNGetPhotoAlbums.m */ = {isa = PBXFileReference; lastKnownFileType = sourcecode.c.objc; path = MNGetPhotoAlbums.m; sourceTree = "<group>"; };
		349A983320AC110D0064E2A1 /* ImgHeaderView.h */ = {isa = PBXFileReference; lastKnownFileType = sourcecode.c.h; path = ImgHeaderView.h; sourceTree = "<group>"; };
		349A983420AC110D0064E2A1 /* ImgHeaderView.m */ = {isa = PBXFileReference; lastKnownFileType = sourcecode.c.objc; path = ImgHeaderView.m; sourceTree = "<group>"; };
		349A983620AC27800064E2A1 /* MNTitleButton.h */ = {isa = PBXFileReference; lastKnownFileType = sourcecode.c.h; path = MNTitleButton.h; sourceTree = "<group>"; };
		349A983720AC27800064E2A1 /* MNTitleButton.m */ = {isa = PBXFileReference; lastKnownFileType = sourcecode.c.objc; path = MNTitleButton.m; sourceTree = "<group>"; };
		34A8146220AAE1BB00971CBA /* PictureFilterViewController.h */ = {isa = PBXFileReference; lastKnownFileType = sourcecode.c.h; path = PictureFilterViewController.h; sourceTree = "<group>"; };
		34A8146320AAE1BB00971CBA /* PictureFilterViewController.m */ = {isa = PBXFileReference; lastKnownFileType = sourcecode.c.objc; path = PictureFilterViewController.m; sourceTree = "<group>"; };
		34B1A4C5209AA87E0039B074 /* CoreAudio.framework */ = {isa = PBXFileReference; lastKnownFileType = wrapper.framework; name = CoreAudio.framework; path = System/Library/Frameworks/CoreAudio.framework; sourceTree = SDKROOT; };
		34B1A4C7209AA88A0039B074 /* CoreMedia.framework */ = {isa = PBXFileReference; lastKnownFileType = wrapper.framework; name = CoreMedia.framework; path = System/Library/Frameworks/CoreMedia.framework; sourceTree = SDKROOT; };
		34B1A4C9209AA8930039B074 /* OpenGLES.framework */ = {isa = PBXFileReference; lastKnownFileType = wrapper.framework; name = OpenGLES.framework; path = System/Library/Frameworks/OpenGLES.framework; sourceTree = SDKROOT; };
		34B1A4CB209AA8B10039B074 /* AVFoundation.framework */ = {isa = PBXFileReference; lastKnownFileType = wrapper.framework; name = AVFoundation.framework; path = System/Library/Frameworks/AVFoundation.framework; sourceTree = SDKROOT; };
		34B1A4CD209AA8B70039B074 /* QuartzCore.framework */ = {isa = PBXFileReference; lastKnownFileType = wrapper.framework; name = QuartzCore.framework; path = System/Library/Frameworks/QuartzCore.framework; sourceTree = SDKROOT; };
		34B1A4F3209AEA090039B074 /* MainViewController.h */ = {isa = PBXFileReference; lastKnownFileType = sourcecode.c.h; path = MainViewController.h; sourceTree = "<group>"; };
		34B1A4F4209AEA090039B074 /* MainViewController.m */ = {isa = PBXFileReference; lastKnownFileType = sourcecode.c.objc; path = MainViewController.m; sourceTree = "<group>"; };
		34B1A4FA209B05D30039B074 /* Macros.h */ = {isa = PBXFileReference; lastKnownFileType = sourcecode.c.h; path = Macros.h; sourceTree = "<group>"; };
		34B1A4FD209B0FA00039B074 /* PrefixHeader.pch */ = {isa = PBXFileReference; lastKnownFileType = sourcecode.c.h; path = PrefixHeader.pch; sourceTree = "<group>"; };
		34B1A502209B18870039B074 /* DrawCyclesButton.h */ = {isa = PBXFileReference; lastKnownFileType = sourcecode.c.h; path = DrawCyclesButton.h; sourceTree = "<group>"; };
		34B1A503209B18870039B074 /* DrawCyclesButton.m */ = {isa = PBXFileReference; lastKnownFileType = sourcecode.c.objc; path = DrawCyclesButton.m; sourceTree = "<group>"; };
		34CA5CCB20A5256B00FB988D /* FilterSampleModel.h */ = {isa = PBXFileReference; lastKnownFileType = sourcecode.c.h; path = FilterSampleModel.h; sourceTree = "<group>"; };
		34CA5CCC20A5256B00FB988D /* FilterSampleModel.m */ = {isa = PBXFileReference; lastKnownFileType = sourcecode.c.objc; path = FilterSampleModel.m; sourceTree = "<group>"; };
		34D5DD0D209DCCA000F9182D /* GPUImageBeautifyFilter.h */ = {isa = PBXFileReference; fileEncoding = 4; lastKnownFileType = sourcecode.c.h; path = GPUImageBeautifyFilter.h; sourceTree = "<group>"; };
		34D5DD0E209DCCA000F9182D /* GPUImageBeautifyFilter.m */ = {isa = PBXFileReference; fileEncoding = 4; lastKnownFileType = sourcecode.c.objc; path = GPUImageBeautifyFilter.m; sourceTree = "<group>"; };
		34E7A46C20A2DB4F00DEE629 /* CameraFilterView.h */ = {isa = PBXFileReference; lastKnownFileType = sourcecode.c.h; path = CameraFilterView.h; sourceTree = "<group>"; };
		34E7A46D20A2DB4F00DEE629 /* CameraFilterView.m */ = {isa = PBXFileReference; lastKnownFileType = sourcecode.c.objc; path = CameraFilterView.m; sourceTree = "<group>"; };
		F2B2517B06B0B5686E9676E8 /* Pods-MyNewPhoto.debug.xcconfig */ = {isa = PBXFileReference; includeInIndex = 1; lastKnownFileType = text.xcconfig; name = "Pods-MyNewPhoto.debug.xcconfig"; path = "Pods/Target Support Files/Pods-MyNewPhoto/Pods-MyNewPhoto.debug.xcconfig"; sourceTree = "<group>"; };
/* End PBXFileReference section */

/* Begin PBXFrameworksBuildPhase section */
		3470A84C20994DD1003972FD /* Frameworks */ = {
			isa = PBXFrameworksBuildPhase;
			buildActionMask = 2147483647;
			files = (
				9D4027BD49C8E420A7B313D4 /* libPods-MyNewPhoto.a in Frameworks */,
			);
			runOnlyForDeploymentPostprocessing = 0;
		};
		3470A86420994DD4003972FD /* Frameworks */ = {
			isa = PBXFrameworksBuildPhase;
			buildActionMask = 2147483647;
			files = (
			);
			runOnlyForDeploymentPostprocessing = 0;
		};
		3470A86F20994DD4003972FD /* Frameworks */ = {
			isa = PBXFrameworksBuildPhase;
			buildActionMask = 2147483647;
			files = (
			);
			runOnlyForDeploymentPostprocessing = 0;
		};
/* End PBXFrameworksBuildPhase section */

/* Begin PBXGroup section */
		342EB0C1209C3823006F762B /* Category */ = {
			isa = PBXGroup;
			children = (
				342EB0C2209C391C006F762B /* UIImage+RoundCorner.h */,
				342EB0C3209C391C006F762B /* UIImage+RoundCorner.m */,
			);
			path = Category;
			sourceTree = "<group>";
		};
		3470A84620994DD1003972FD = {
			isa = PBXGroup;
			children = (
				3470A85120994DD1003972FD /* MyNewPhoto */,
				3470A86A20994DD4003972FD /* MyNewPhotoTests */,
				3470A87520994DD4003972FD /* MyNewPhotoUITests */,
				3470A85020994DD1003972FD /* Products */,
				34B1A4C3209AA86D0039B074 /* Frameworks */,
				CE8CB2ABCAEBC1EE27E5FF90 /* Pods */,
			);
			sourceTree = "<group>";
		};
		3470A85020994DD1003972FD /* Products */ = {
			isa = PBXGroup;
			children = (
				3470A84F20994DD1003972FD /* MyNewPhoto.app */,
				3470A86720994DD4003972FD /* MyNewPhotoTests.xctest */,
				3470A87220994DD4003972FD /* MyNewPhotoUITests.xctest */,
			);
			name = Products;
			sourceTree = "<group>";
		};
		3470A85120994DD1003972FD /* MyNewPhoto */ = {
			isa = PBXGroup;
			children = (
				347C65C020A59EAC004B07D8 /* Custom Filters */,
				34CA5CCA20A5251F00FB988D /* Model */,
				342EB0C1209C3823006F762B /* Category */,
				3470A86020994DD4003972FD /* Info.plist */,
				34922BB4209BE4F10009FEB5 /* Resources */,
				34922BB3209BE4CF0009FEB5 /* AppInfo */,
				34922BB2209BE4190009FEB5 /* Controllers */,
				34B1A501209B185F0039B074 /* Views */,
				34B1A4FB209B06FE0039B074 /* CommonHepler */,
				34B1A4F9209B057A0039B074 /* Macros */,
			);
			path = MyNewPhoto;
			sourceTree = "<group>";
		};
		3470A86A20994DD4003972FD /* MyNewPhotoTests */ = {
			isa = PBXGroup;
			children = (
				3470A86B20994DD4003972FD /* MyNewPhotoTests.m */,
				3470A86D20994DD4003972FD /* Info.plist */,
			);
			path = MyNewPhotoTests;
			sourceTree = "<group>";
		};
		3470A87520994DD4003972FD /* MyNewPhotoUITests */ = {
			isa = PBXGroup;
			children = (
				3470A87620994DD4003972FD /* MyNewPhotoUITests.m */,
				3470A87820994DD4003972FD /* Info.plist */,
			);
			path = MyNewPhotoUITests;
			sourceTree = "<group>";
		};
		3472093C20A97299009A8DB9 /* filters */ = {
			isa = PBXGroup;
			children = (
				3472093E20A972C8009A8DB9 /* GPUImageFourInputFilter.h */,
				3472093D20A972C8009A8DB9 /* GPUImageFourInputFilter.m */,
			);
			path = filters;
			sourceTree = "<group>";
		};
		3472094020A9767D009A8DB9 /* FILTERSIMAGE */ = {
			isa = PBXGroup;
			children = (
				347209A020A98054009A8DB9 /* lookup_amatorka.png */,
				347209A120A98054009A8DB9 /* lookup_miss_etikate.png */,
				3472099F20A98053009A8DB9 /* lookup_soft_elegance_1.png */,
				347209A220A98054009A8DB9 /* lookup_soft_elegance_2.png */,
				347209A320A98054009A8DB9 /* lookup.png */,
				3472094120A9767D009A8DB9 /* 1977blowout.png */,
				3472094220A9767D009A8DB9 /* 1977map.png */,
				3472094320A9767D009A8DB9 /* amaroMap.png */,
				3472094420A9767D009A8DB9 /* blackboard1024.png */,
				3472094520A9767D009A8DB9 /* brannanBlowout.png */,
				3472094620A9767D009A8DB9 /* brannanContrast.png */,
				3472094720A9767D009A8DB9 /* brannanLuma.png */,
				3472094820A9767D009A8DB9 /* brannanProcess.png */,
				3472094920A9767D009A8DB9 /* brannanScreen.png */,
				3472094A20A9767D009A8DB9 /* earlybirdBlowout.png */,
				3472094B20A9767D009A8DB9 /* earlyBirdCurves.png */,
				3472094C20A9767D009A8DB9 /* earlybirdMap.png */,
				3472094D20A9767D009A8DB9 /* earlybirdOverlayMap.png */,
				3472094E20A9767D009A8DB9 /* edgeBurn.png */,
				3472094F20A9767D009A8DB9 /* hefeGradientMap.png */,
				3472095020A9767D009A8DB9 /* hefeMap.png */,
				3472095120A9767D009A8DB9 /* hefeMetal.png */,
				3472095220A9767D009A8DB9 /* hefeSoftLight.png */,
				3472095320A9767D009A8DB9 /* hudsonBackground.png */,
				3472095420A9767D009A8DB9 /* hudsonMap.png */,
				3472095520A9767D009A8DB9 /* inkwellMap.png */,
				3472095620A9767D009A8DB9 /* kelvinMap.png */,
				3472095720A9767D009A8DB9 /* lomoMap.png */,
				3472095820A9767D009A8DB9 /* nashvilleMap.png */,
				3472095920A9767D009A8DB9 /* overlayMap.png */,
				3472095A20A9767D009A8DB9 /* riseMap.png */,
				3472095B20A9767D009A8DB9 /* sierraMap.png */,
				3472095C20A9767D009A8DB9 /* sierraVignette.png */,
				3472095D20A9767D009A8DB9 /* softLight.png */,
				3472095E20A9767D009A8DB9 /* sutroCurves.png */,
				3472095F20A9767D009A8DB9 /* sutroEdgeBurn.png */,
				3472096020A9767D009A8DB9 /* sutroMetal.png */,
				3472096120A9767D009A8DB9 /* toasterColorShift.png */,
				3472096220A9767D009A8DB9 /* toasterCurves.png */,
				3472096320A9767D009A8DB9 /* toasterMetal.png */,
				3472096420A9767D009A8DB9 /* toasterOverlayMapWarm.png */,
				3472096520A9767D009A8DB9 /* toasterSoftLight.png */,
				3472096620A9767D009A8DB9 /* valenciaGradientMap.png */,
				3472096720A9767D009A8DB9 /* valenciaMap.png */,
				3472096820A9767D009A8DB9 /* vignetteMap.png */,
				3472096920A9767D009A8DB9 /* waldenMap.png */,
				3472096A20A9767D009A8DB9 /* xproMap.png */,
			);
			path = FILTERSIMAGE;
			sourceTree = "<group>";
		};
		347C65C020A59EAC004B07D8 /* Custom Filters */ = {
			isa = PBXGroup;
			children = (
				3472094020A9767D009A8DB9 /* FILTERSIMAGE */,
				3472093C20A97299009A8DB9 /* filters */,
				347C65C120A59EAC004B07D8 /* FW1977Filter.h */,
				347C65C220A59EAC004B07D8 /* FW1977Filter.m */,
				347C65C320A59EAC004B07D8 /* FWAmaroFilter.h */,
				347C65C420A59EAC004B07D8 /* FWAmaroFilter.m */,
				347C65C720A59EAC004B07D8 /* FWBrannanFilter.h */,
				347C65C820A59EAC004B07D8 /* FWBrannanFilter.m */,
				347C65C920A59EAC004B07D8 /* FWEarlybirdFilter.h */,
				347C65CA20A59EAC004B07D8 /* FWEarlybirdFilter.m */,
				347C65CB20A59EAC004B07D8 /* FWFiveInputFilter.h */,
				347C65CC20A59EAC004B07D8 /* FWFiveInputFilter.m */,
				347C65CD20A59EAC004B07D8 /* FWHefeFilter.h */,
				347C65CE20A59EAC004B07D8 /* FWHefeFilter.m */,
				347C65CF20A59EAC004B07D8 /* FWHudsonFilter.h */,
				347C65D020A59EAC004B07D8 /* FWHudsonFilter.m */,
				347C65D120A59EAC004B07D8 /* FWInkwellFilter.h */,
				347C65D220A59EAC004B07D8 /* FWInkwellFilter.m */,
				347C65D320A59EAC004B07D8 /* FWLomofiFilter.h */,
				347C65D420A59EAC004B07D8 /* FWLomofiFilter.m */,
				347C65D520A59EAC004B07D8 /* FWLOMOFilter1.h */,
				347C65D620A59EAC004B07D8 /* FWLOMOFilter1.m */,
				347C65D720A59EAC004B07D8 /* FWLordKelvinFilter.h */,
				347C65D820A59EAC004B07D8 /* FWLordKelvinFilter.m */,
				347C65D920A59EAC004B07D8 /* FWNashvilleFilter.h */,
				347C65DA20A59EAC004B07D8 /* FWNashvilleFilter.m */,
				347C65DB20A59EAC004B07D8 /* FWRiseFilter.h */,
				347C65DC20A59EAC004B07D8 /* FWRiseFilter.m */,
				347C65DD20A59EAC004B07D8 /* FWSierraFilter.h */,
				347C65DE20A59EAC004B07D8 /* FWSierraFilter.m */,
				347C65DF20A59EAC004B07D8 /* FWSixInputFilter.h */,
				347C65E020A59EAC004B07D8 /* FWSixInputFilter.m */,
				347C65E120A59EAC004B07D8 /* FWSutroFilter.h */,
				347C65E220A59EAC004B07D8 /* FWSutroFilter.m */,
				347C65E320A59EAC004B07D8 /* FWToasterFilter.h */,
				347C65E420A59EAC004B07D8 /* FWToasterFilter.m */,
				347C65E520A59EAC004B07D8 /* FWValenciaFilter.h */,
				347C65E620A59EAC004B07D8 /* FWValenciaFilter.m */,
				347C65E720A59EAC004B07D8 /* FWWaldenFilter.h */,
				347C65E820A59EAC004B07D8 /* FWWaldenFilter.m */,
				347C65E920A59EAC004B07D8 /* FWXproIIFilter.h */,
				347C65EA20A59EAC004B07D8 /* FWXproIIFilter.m */,
				34D5DD0D209DCCA000F9182D /* GPUImageBeautifyFilter.h */,
				34D5DD0E209DCCA000F9182D /* GPUImageBeautifyFilter.m */,
			);
			path = "Custom Filters";
			sourceTree = "<group>";
		};
		34922BB2209BE4190009FEB5 /* Controllers */ = {
			isa = PBXGroup;
			children = (
				3470A85520994DD1003972FD /* ViewController.h */,
				3470A85620994DD1003972FD /* ViewController.m */,
				34B1A4F3209AEA090039B074 /* MainViewController.h */,
				34B1A4F4209AEA090039B074 /* MainViewController.m */,
				34A8146220AAE1BB00971CBA /* PictureFilterViewController.h */,
				34A8146320AAE1BB00971CBA /* PictureFilterViewController.m */,
				349A982D20ABD1CF0064E2A1 /* MNImagePickerViewController.h */,
				349A982E20ABD1CF0064E2A1 /* MNImagePickerViewController.m */,
			);
			path = Controllers;
			sourceTree = "<group>";
		};
		34922BB3209BE4CF0009FEB5 /* AppInfo */ = {
			isa = PBXGroup;
			children = (
				3470A85220994DD1003972FD /* AppDelegate.h */,
				3470A85320994DD1003972FD /* AppDelegate.m */,
				3470A85820994DD1003972FD /* Main.storyboard */,
				3470A85D20994DD4003972FD /* LaunchScreen.storyboard */,
				3470A86120994DD4003972FD /* main.m */,
			);
			path = AppInfo;
			sourceTree = "<group>";
		};
		34922BB4209BE4F10009FEB5 /* Resources */ = {
			isa = PBXGroup;
			children = (
				3470A85B20994DD4003972FD /* Assets.xcassets */,
				3477242C20A42D7B0082D57F /* Filter.json */,
			);
			path = Resources;
			sourceTree = "<group>";
		};
		34B1A4C3209AA86D0039B074 /* Frameworks */ = {
			isa = PBXGroup;
			children = (
				34B1A4CD209AA8B70039B074 /* QuartzCore.framework */,
				34B1A4CB209AA8B10039B074 /* AVFoundation.framework */,
				34B1A4C9209AA8930039B074 /* OpenGLES.framework */,
				34B1A4C7209AA88A0039B074 /* CoreMedia.framework */,
				34B1A4C5209AA87E0039B074 /* CoreAudio.framework */,
				1EC42C55EF4D683FABD04253 /* libPods-MyNewPhoto.a */,
			);
			name = Frameworks;
			sourceTree = "<group>";
		};
		34B1A4F9209B057A0039B074 /* Macros */ = {
			isa = PBXGroup;
			children = (
				34B1A4FA209B05D30039B074 /* Macros.h */,
				34B1A4FD209B0FA00039B074 /* PrefixHeader.pch */,
			);
			path = Macros;
			sourceTree = "<group>";
		};
		34B1A4FB209B06FE0039B074 /* CommonHepler */ = {
			isa = PBXGroup;
			children = (
				3477242920A42AA80082D57F /* FilterManager.h */,
				3477242A20A42AA80082D57F /* FilterManager.m */,
				349A983020ABDF9C0064E2A1 /* MNGetPhotoAlbums.h */,
				349A983120ABDF9C0064E2A1 /* MNGetPhotoAlbums.m */,
			);
			path = CommonHepler;
			sourceTree = "<group>";
		};
		34B1A501209B185F0039B074 /* Views */ = {
			isa = PBXGroup;
			children = (
				34922BAD209BE4090009FEB5 /* BottomBarView.h */,
				34922BAC209BE4090009FEB5 /* BottomBarView.m */,
				34922BAE209BE4090009FEB5 /* ToolBarView.h */,
				34922BAF209BE4090009FEB5 /* ToolBarView.m */,
				34B1A502209B18870039B074 /* DrawCyclesButton.h */,
				34B1A503209B18870039B074 /* DrawCyclesButton.m */,
				342EB0C8209C3CB3006F762B /* CyclesView.h */,
				342EB0C9209C3CB3006F762B /* CyclesView.m */,
				34E7A46C20A2DB4F00DEE629 /* CameraFilterView.h */,
				34E7A46D20A2DB4F00DEE629 /* CameraFilterView.m */,
				3477242320A3DCAF0082D57F /* FilterCollectionViewCell.h */,
				3477242420A3DCAF0082D57F /* FilterCollectionViewCell.m */,
				349A983320AC110D0064E2A1 /* ImgHeaderView.h */,
				349A983420AC110D0064E2A1 /* ImgHeaderView.m */,
				349A983620AC27800064E2A1 /* MNTitleButton.h */,
				349A983720AC27800064E2A1 /* MNTitleButton.m */,
				3432591720AD652D00C11FFE /* MNPictrueCollectionViewCell.h */,
				3432591820AD652D00C11FFE /* MNPictrueCollectionViewCell.m */,
				3432591A20AD6F0000C11FFE /* PicCollectTableViewCell.h */,
				3432591B20AD6F0000C11FFE /* PicCollectTableViewCell.m */,
				3480DF5520B79F0200289A08 /* CameraButtonView.h */,
				3480DF5620B79F0200289A08 /* CameraButtonView.m */,
				3480DF5820B7A57500289A08 /* MNCircleView.h */,
				3480DF5920B7A57500289A08 /* MNCircleView.m */,
				3480DF5B20B7A68700289A08 /* MNSolidCircleView.h */,
				3480DF5C20B7A68700289A08 /* MNSolidCircleView.m */,
			);
			path = Views;
			sourceTree = "<group>";
		};
		34CA5CCA20A5251F00FB988D /* Model */ = {
			isa = PBXGroup;
			children = (
				34CA5CCB20A5256B00FB988D /* FilterSampleModel.h */,
				34CA5CCC20A5256B00FB988D /* FilterSampleModel.m */,
				3446A7E020B26D88002BAC6E /* SysPictureModel.h */,
				3446A7E120B26D88002BAC6E /* SysPictureModel.m */,
			);
			path = Model;
			sourceTree = "<group>";
		};
		CE8CB2ABCAEBC1EE27E5FF90 /* Pods */ = {
			isa = PBXGroup;
			children = (
				F2B2517B06B0B5686E9676E8 /* Pods-MyNewPhoto.debug.xcconfig */,
				1312EE20BA627F33388B0604 /* Pods-MyNewPhoto.release.xcconfig */,
			);
			name = Pods;
			sourceTree = "<group>";
		};
/* End PBXGroup section */

/* Begin PBXNativeTarget section */
		3470A84E20994DD1003972FD /* MyNewPhoto */ = {
			isa = PBXNativeTarget;
			buildConfigurationList = 3470A87B20994DD4003972FD /* Build configuration list for PBXNativeTarget "MyNewPhoto" */;
			buildPhases = (
				D30C3040D57EA261D5845E31 /* [CP] Check Pods Manifest.lock */,
				3470A84B20994DD1003972FD /* Sources */,
				3470A84C20994DD1003972FD /* Frameworks */,
				3470A84D20994DD1003972FD /* Resources */,
				34B1A4D3209AAC1B0039B074 /* Embed Frameworks */,
				50D4A0EE53FB11C5F4684353 /* [CP] Embed Pods Frameworks */,
				F213E92567D38DCFC32C0F82 /* [CP] Copy Pods Resources */,
			);
			buildRules = (
			);
			dependencies = (
			);
			name = MyNewPhoto;
			productName = MyNewPhoto;
			productReference = 3470A84F20994DD1003972FD /* MyNewPhoto.app */;
			productType = "com.apple.product-type.application";
		};
		3470A86620994DD4003972FD /* MyNewPhotoTests */ = {
			isa = PBXNativeTarget;
			buildConfigurationList = 3470A87E20994DD4003972FD /* Build configuration list for PBXNativeTarget "MyNewPhotoTests" */;
			buildPhases = (
				3470A86320994DD4003972FD /* Sources */,
				3470A86420994DD4003972FD /* Frameworks */,
				3470A86520994DD4003972FD /* Resources */,
			);
			buildRules = (
			);
			dependencies = (
				3470A86920994DD4003972FD /* PBXTargetDependency */,
			);
			name = MyNewPhotoTests;
			productName = MyNewPhotoTests;
			productReference = 3470A86720994DD4003972FD /* MyNewPhotoTests.xctest */;
			productType = "com.apple.product-type.bundle.unit-test";
		};
		3470A87120994DD4003972FD /* MyNewPhotoUITests */ = {
			isa = PBXNativeTarget;
			buildConfigurationList = 3470A88120994DD4003972FD /* Build configuration list for PBXNativeTarget "MyNewPhotoUITests" */;
			buildPhases = (
				3470A86E20994DD4003972FD /* Sources */,
				3470A86F20994DD4003972FD /* Frameworks */,
				3470A87020994DD4003972FD /* Resources */,
			);
			buildRules = (
			);
			dependencies = (
				3470A87420994DD4003972FD /* PBXTargetDependency */,
			);
			name = MyNewPhotoUITests;
			productName = MyNewPhotoUITests;
			productReference = 3470A87220994DD4003972FD /* MyNewPhotoUITests.xctest */;
			productType = "com.apple.product-type.bundle.ui-testing";
		};
/* End PBXNativeTarget section */

/* Begin PBXProject section */
		3470A84720994DD1003972FD /* Project object */ = {
			isa = PBXProject;
			attributes = {
				LastUpgradeCheck = 0930;
				ORGANIZATIONNAME = CardLan;
				TargetAttributes = {
					3470A84E20994DD1003972FD = {
						CreatedOnToolsVersion = 9.3;
					};
					3470A86620994DD4003972FD = {
						CreatedOnToolsVersion = 9.3;
						TestTargetID = 3470A84E20994DD1003972FD;
					};
					3470A87120994DD4003972FD = {
						CreatedOnToolsVersion = 9.3;
						TestTargetID = 3470A84E20994DD1003972FD;
					};
				};
			};
			buildConfigurationList = 3470A84A20994DD1003972FD /* Build configuration list for PBXProject "MyNewPhoto" */;
			compatibilityVersion = "Xcode 9.3";
			developmentRegion = en;
			hasScannedForEncodings = 0;
			knownRegions = (
				en,
				Base,
			);
			mainGroup = 3470A84620994DD1003972FD;
			productRefGroup = 3470A85020994DD1003972FD /* Products */;
			projectDirPath = "";
			projectRoot = "";
			targets = (
				3470A84E20994DD1003972FD /* MyNewPhoto */,
				3470A86620994DD4003972FD /* MyNewPhotoTests */,
				3470A87120994DD4003972FD /* MyNewPhotoUITests */,
			);
		};
/* End PBXProject section */

/* Begin PBXResourcesBuildPhase section */
		3470A84D20994DD1003972FD /* Resources */ = {
			isa = PBXResourcesBuildPhase;
			buildActionMask = 2147483647;
			files = (
				3472098520A9767D009A8DB9 /* sierraMap.png in Resources */,
				3472099320A9767D009A8DB9 /* waldenMap.png in Resources */,
				3472097A20A9767D009A8DB9 /* hefeMap.png in Resources */,
				3472097B20A9767D009A8DB9 /* hefeMetal.png in Resources */,
				3472097320A9767D009A8DB9 /* brannanScreen.png in Resources */,
				3472098C20A9767D009A8DB9 /* toasterCurves.png in Resources */,
				347209A820A98055009A8DB9 /* lookup.png in Resources */,
				3472099020A9767D009A8DB9 /* valenciaGradientMap.png in Resources */,
				3472097D20A9767D009A8DB9 /* hudsonBackground.png in Resources */,
				3472096C20A9767D009A8DB9 /* 1977map.png in Resources */,
				3472097C20A9767D009A8DB9 /* hefeSoftLight.png in Resources */,
				3472096E20A9767D009A8DB9 /* blackboard1024.png in Resources */,
				3472099220A9767D009A8DB9 /* vignetteMap.png in Resources */,
				3472097E20A9767D009A8DB9 /* hudsonMap.png in Resources */,
				3472098920A9767D009A8DB9 /* sutroEdgeBurn.png in Resources */,
				3472097420A9767D009A8DB9 /* earlybirdBlowout.png in Resources */,
				347209A520A98055009A8DB9 /* lookup_amatorka.png in Resources */,
				3472098720A9767D009A8DB9 /* softLight.png in Resources */,
				3470A85F20994DD4003972FD /* LaunchScreen.storyboard in Resources */,
				3477242D20A42D7B0082D57F /* Filter.json in Resources */,
				3472097220A9767D009A8DB9 /* brannanProcess.png in Resources */,
				3472097020A9767D009A8DB9 /* brannanContrast.png in Resources */,
				3472097F20A9767D009A8DB9 /* inkwellMap.png in Resources */,
				3472098D20A9767D009A8DB9 /* toasterMetal.png in Resources */,
				3472098A20A9767D009A8DB9 /* sutroMetal.png in Resources */,
				3470A85C20994DD4003972FD /* Assets.xcassets in Resources */,
				3472098E20A9767D009A8DB9 /* toasterOverlayMapWarm.png in Resources */,
				3472097520A9767D009A8DB9 /* earlyBirdCurves.png in Resources */,
				3472098620A9767D009A8DB9 /* sierraVignette.png in Resources */,
				3472096D20A9767D009A8DB9 /* amaroMap.png in Resources */,
				3470A85A20994DD1003972FD /* Main.storyboard in Resources */,
				3472098B20A9767D009A8DB9 /* toasterColorShift.png in Resources */,
				3472098820A9767D009A8DB9 /* sutroCurves.png in Resources */,
				347209A720A98055009A8DB9 /* lookup_soft_elegance_2.png in Resources */,
				3472096B20A9767D009A8DB9 /* 1977blowout.png in Resources */,
				3472098220A9767D009A8DB9 /* nashvilleMap.png in Resources */,
				3472098020A9767D009A8DB9 /* kelvinMap.png in Resources */,
				3472097720A9767D009A8DB9 /* earlybirdOverlayMap.png in Resources */,
				3472099420A9767D009A8DB9 /* xproMap.png in Resources */,
				3472098F20A9767D009A8DB9 /* toasterSoftLight.png in Resources */,
				347209A420A98055009A8DB9 /* lookup_soft_elegance_1.png in Resources */,
				3472098120A9767D009A8DB9 /* lomoMap.png in Resources */,
				3472099120A9767D009A8DB9 /* valenciaMap.png in Resources */,
				347209A620A98055009A8DB9 /* lookup_miss_etikate.png in Resources */,
				3472097120A9767D009A8DB9 /* brannanLuma.png in Resources */,
				3472097820A9767D009A8DB9 /* edgeBurn.png in Resources */,
				3472096F20A9767D009A8DB9 /* brannanBlowout.png in Resources */,
				3472097920A9767D009A8DB9 /* hefeGradientMap.png in Resources */,
				3472097620A9767D009A8DB9 /* earlybirdMap.png in Resources */,
				3472098320A9767D009A8DB9 /* overlayMap.png in Resources */,
				3472098420A9767D009A8DB9 /* riseMap.png in Resources */,
			);
			runOnlyForDeploymentPostprocessing = 0;
		};
		3470A86520994DD4003972FD /* Resources */ = {
			isa = PBXResourcesBuildPhase;
			buildActionMask = 2147483647;
			files = (
			);
			runOnlyForDeploymentPostprocessing = 0;
		};
		3470A87020994DD4003972FD /* Resources */ = {
			isa = PBXResourcesBuildPhase;
			buildActionMask = 2147483647;
			files = (
			);
			runOnlyForDeploymentPostprocessing = 0;
		};
/* End PBXResourcesBuildPhase section */

/* Begin PBXShellScriptBuildPhase section */
		50D4A0EE53FB11C5F4684353 /* [CP] Embed Pods Frameworks */ = {
			isa = PBXShellScriptBuildPhase;
			buildActionMask = 2147483647;
			files = (
			);
			inputPaths = (
			);
			name = "[CP] Embed Pods Frameworks";
			outputPaths = (
			);
			runOnlyForDeploymentPostprocessing = 0;
			shellPath = /bin/sh;
			shellScript = "\"${SRCROOT}/Pods/Target Support Files/Pods-MyNewPhoto/Pods-MyNewPhoto-frameworks.sh\"\n";
			showEnvVarsInLog = 0;
		};
		D30C3040D57EA261D5845E31 /* [CP] Check Pods Manifest.lock */ = {
			isa = PBXShellScriptBuildPhase;
			buildActionMask = 2147483647;
			files = (
			);
			inputPaths = (
			);
			name = "[CP] Check Pods Manifest.lock";
			outputPaths = (
			);
			runOnlyForDeploymentPostprocessing = 0;
			shellPath = /bin/sh;
			shellScript = "diff \"${PODS_PODFILE_DIR_PATH}/Podfile.lock\" \"${PODS_ROOT}/Manifest.lock\" > /dev/null\nif [ $? != 0 ] ; then\n    # print error to STDERR\n    echo \"error: The sandbox is not in sync with the Podfile.lock. Run 'pod install' or update your CocoaPods installation.\" >&2\n    exit 1\nfi\n";
			showEnvVarsInLog = 0;
		};
		F213E92567D38DCFC32C0F82 /* [CP] Copy Pods Resources */ = {
			isa = PBXShellScriptBuildPhase;
			buildActionMask = 2147483647;
			files = (
			);
			inputPaths = (
			);
			name = "[CP] Copy Pods Resources";
			outputPaths = (
			);
			runOnlyForDeploymentPostprocessing = 0;
			shellPath = /bin/sh;
			shellScript = "\"${SRCROOT}/Pods/Target Support Files/Pods-MyNewPhoto/Pods-MyNewPhoto-resources.sh\"\n";
			showEnvVarsInLog = 0;
		};
/* End PBXShellScriptBuildPhase section */

/* Begin PBXSourcesBuildPhase section */
		3470A84B20994DD1003972FD /* Sources */ = {
			isa = PBXSourcesBuildPhase;
			buildActionMask = 2147483647;
			files = (
				3470A85720994DD1003972FD /* ViewController.m in Sources */,
				34A8146420AAE1BB00971CBA /* PictureFilterViewController.m in Sources */,
				3472093F20A972C8009A8DB9 /* GPUImageFourInputFilter.m in Sources */,
				349A983820AC27800064E2A1 /* MNTitleButton.m in Sources */,
				34D5DD0F209DCCA000F9182D /* GPUImageBeautifyFilter.m in Sources */,
				349A983220ABDF9C0064E2A1 /* MNGetPhotoAlbums.m in Sources */,
				3480DF5A20B7A57500289A08 /* MNCircleView.m in Sources */,
				3480DF5D20B7A68700289A08 /* MNSolidCircleView.m in Sources */,
				3470A86220994DD4003972FD /* main.m in Sources */,
				347C65F220A59EAC004B07D8 /* FWHudsonFilter.m in Sources */,
				347C65F420A59EAC004B07D8 /* FWLomofiFilter.m in Sources */,
				349A983520AC110D0064E2A1 /* ImgHeaderView.m in Sources */,
				34CA5CCD20A5256B00FB988D /* FilterSampleModel.m in Sources */,
				34922BB1209BE4090009FEB5 /* ToolBarView.m in Sources */,
				347C65EF20A59EAC004B07D8 /* FWEarlybirdFilter.m in Sources */,
				3470A85420994DD1003972FD /* AppDelegate.m in Sources */,
				347C65FE20A59EAC004B07D8 /* FWWaldenFilter.m in Sources */,
				347C65F720A59EAC004B07D8 /* FWNashvilleFilter.m in Sources */,
				3432591920AD652D00C11FFE /* MNPictrueCollectionViewCell.m in Sources */,
				347C65FD20A59EAC004B07D8 /* FWValenciaFilter.m in Sources */,
				3446A7E220B26D88002BAC6E /* SysPictureModel.m in Sources */,
				347C65F020A59EAC004B07D8 /* FWFiveInputFilter.m in Sources */,
				34B1A4F5209AEA090039B074 /* MainViewController.m in Sources */,
				3480DF5720B79F0200289A08 /* CameraButtonView.m in Sources */,
				3477242520A3DCAF0082D57F /* FilterCollectionViewCell.m in Sources */,
				347C65F320A59EAC004B07D8 /* FWInkwellFilter.m in Sources */,
				342EB0C4209C391C006F762B /* UIImage+RoundCorner.m in Sources */,
				347C65F820A59EAC004B07D8 /* FWRiseFilter.m in Sources */,
				34B1A504209B18870039B074 /* DrawCyclesButton.m in Sources */,
				347C65FC20A59EAC004B07D8 /* FWToasterFilter.m in Sources */,
				347C65F120A59EAC004B07D8 /* FWHefeFilter.m in Sources */,
				347C65EB20A59EAC004B07D8 /* FW1977Filter.m in Sources */,
				347C65F520A59EAC004B07D8 /* FWLOMOFilter1.m in Sources */,
				3432591C20AD6F0000C11FFE /* PicCollectTableViewCell.m in Sources */,
				347C65FA20A59EAC004B07D8 /* FWSixInputFilter.m in Sources */,
				347C65F620A59EAC004B07D8 /* FWLordKelvinFilter.m in Sources */,
				347C65FF20A59EAC004B07D8 /* FWXproIIFilter.m in Sources */,
				347C65F920A59EAC004B07D8 /* FWSierraFilter.m in Sources */,
				349A982F20ABD1CF0064E2A1 /* MNImagePickerViewController.m in Sources */,
				347C65EE20A59EAC004B07D8 /* FWBrannanFilter.m in Sources */,
				342EB0CA209C3CB3006F762B /* CyclesView.m in Sources */,
				34922BB0209BE4090009FEB5 /* BottomBarView.m in Sources */,
				347C65EC20A59EAC004B07D8 /* FWAmaroFilter.m in Sources */,
				34E7A46E20A2DB4F00DEE629 /* CameraFilterView.m in Sources */,
				3477242B20A42AA80082D57F /* FilterManager.m in Sources */,
				347C65FB20A59EAC004B07D8 /* FWSutroFilter.m in Sources */,
			);
			runOnlyForDeploymentPostprocessing = 0;
		};
		3470A86320994DD4003972FD /* Sources */ = {
			isa = PBXSourcesBuildPhase;
			buildActionMask = 2147483647;
			files = (
				3470A86C20994DD4003972FD /* MyNewPhotoTests.m in Sources */,
			);
			runOnlyForDeploymentPostprocessing = 0;
		};
		3470A86E20994DD4003972FD /* Sources */ = {
			isa = PBXSourcesBuildPhase;
			buildActionMask = 2147483647;
			files = (
				3470A87720994DD4003972FD /* MyNewPhotoUITests.m in Sources */,
			);
			runOnlyForDeploymentPostprocessing = 0;
		};
/* End PBXSourcesBuildPhase section */

/* Begin PBXTargetDependency section */
		3470A86920994DD4003972FD /* PBXTargetDependency */ = {
			isa = PBXTargetDependency;
			target = 3470A84E20994DD1003972FD /* MyNewPhoto */;
			targetProxy = 3470A86820994DD4003972FD /* PBXContainerItemProxy */;
		};
		3470A87420994DD4003972FD /* PBXTargetDependency */ = {
			isa = PBXTargetDependency;
			target = 3470A84E20994DD1003972FD /* MyNewPhoto */;
			targetProxy = 3470A87320994DD4003972FD /* PBXContainerItemProxy */;
		};
/* End PBXTargetDependency section */

/* Begin PBXVariantGroup section */
		3470A85820994DD1003972FD /* Main.storyboard */ = {
			isa = PBXVariantGroup;
			children = (
				3470A85920994DD1003972FD /* Base */,
				3432591520AD21EF00C11FFE /* zh-Hans */,
			);
			name = Main.storyboard;
			sourceTree = "<group>";
		};
		3470A85D20994DD4003972FD /* LaunchScreen.storyboard */ = {
			isa = PBXVariantGroup;
			children = (
				3470A85E20994DD4003972FD /* Base */,
				3432591620AD21EF00C11FFE /* zh-Hans */,
			);
			name = LaunchScreen.storyboard;
			sourceTree = "<group>";
		};
/* End PBXVariantGroup section */

/* Begin XCBuildConfiguration section */
		3470A87920994DD4003972FD /* Debug */ = {
			isa = XCBuildConfiguration;
			buildSettings = {
				ALWAYS_SEARCH_USER_PATHS = NO;
				CLANG_ANALYZER_LOCALIZABILITY_NONLOCALIZED = YES;
				CLANG_ANALYZER_NONNULL = YES;
				CLANG_ANALYZER_NUMBER_OBJECT_CONVERSION = YES_AGGRESSIVE;
				CLANG_CXX_LANGUAGE_STANDARD = "gnu++14";
				CLANG_CXX_LIBRARY = "libc++";
				CLANG_ENABLE_MODULES = YES;
				CLANG_ENABLE_OBJC_ARC = YES;
				CLANG_ENABLE_OBJC_WEAK = YES;
				CLANG_WARN_BLOCK_CAPTURE_AUTORELEASING = YES;
				CLANG_WARN_BOOL_CONVERSION = YES;
				CLANG_WARN_COMMA = YES;
				CLANG_WARN_CONSTANT_CONVERSION = YES;
				CLANG_WARN_DEPRECATED_OBJC_IMPLEMENTATIONS = YES;
				CLANG_WARN_DIRECT_OBJC_ISA_USAGE = YES_ERROR;
				CLANG_WARN_DOCUMENTATION_COMMENTS = YES;
				CLANG_WARN_EMPTY_BODY = YES;
				CLANG_WARN_ENUM_CONVERSION = YES;
				CLANG_WARN_INFINITE_RECURSION = YES;
				CLANG_WARN_INT_CONVERSION = YES;
				CLANG_WARN_NON_LITERAL_NULL_CONVERSION = YES;
				CLANG_WARN_OBJC_IMPLICIT_RETAIN_SELF = YES;
				CLANG_WARN_OBJC_LITERAL_CONVERSION = YES;
				CLANG_WARN_OBJC_ROOT_CLASS = YES_ERROR;
				CLANG_WARN_RANGE_LOOP_ANALYSIS = YES;
				CLANG_WARN_STRICT_PROTOTYPES = YES;
				CLANG_WARN_SUSPICIOUS_MOVE = YES;
				CLANG_WARN_UNGUARDED_AVAILABILITY = YES_AGGRESSIVE;
				CLANG_WARN_UNREACHABLE_CODE = YES;
				CLANG_WARN__DUPLICATE_METHOD_MATCH = YES;
				CODE_SIGN_IDENTITY = "iPhone Developer";
				COPY_PHASE_STRIP = NO;
				DEBUG_INFORMATION_FORMAT = dwarf;
				ENABLE_STRICT_OBJC_MSGSEND = YES;
				ENABLE_TESTABILITY = YES;
				GCC_C_LANGUAGE_STANDARD = gnu11;
				GCC_DYNAMIC_NO_PIC = NO;
				GCC_NO_COMMON_BLOCKS = YES;
				GCC_OPTIMIZATION_LEVEL = 0;
				GCC_PREPROCESSOR_DEFINITIONS = (
					"DEBUG=1",
					"$(inherited)",
				);
				GCC_WARN_64_TO_32_BIT_CONVERSION = YES;
				GCC_WARN_ABOUT_RETURN_TYPE = YES_ERROR;
				GCC_WARN_UNDECLARED_SELECTOR = YES;
				GCC_WARN_UNINITIALIZED_AUTOS = YES_AGGRESSIVE;
				GCC_WARN_UNUSED_FUNCTION = YES;
				GCC_WARN_UNUSED_VARIABLE = YES;
				IPHONEOS_DEPLOYMENT_TARGET = 11.3;
				MTL_ENABLE_DEBUG_INFO = YES;
				ONLY_ACTIVE_ARCH = YES;
				SDKROOT = iphoneos;
			};
			name = Debug;
		};
		3470A87A20994DD4003972FD /* Release */ = {
			isa = XCBuildConfiguration;
			buildSettings = {
				ALWAYS_SEARCH_USER_PATHS = NO;
				CLANG_ANALYZER_LOCALIZABILITY_NONLOCALIZED = YES;
				CLANG_ANALYZER_NONNULL = YES;
				CLANG_ANALYZER_NUMBER_OBJECT_CONVERSION = YES_AGGRESSIVE;
				CLANG_CXX_LANGUAGE_STANDARD = "gnu++14";
				CLANG_CXX_LIBRARY = "libc++";
				CLANG_ENABLE_MODULES = YES;
				CLANG_ENABLE_OBJC_ARC = YES;
				CLANG_ENABLE_OBJC_WEAK = YES;
				CLANG_WARN_BLOCK_CAPTURE_AUTORELEASING = YES;
				CLANG_WARN_BOOL_CONVERSION = YES;
				CLANG_WARN_COMMA = YES;
				CLANG_WARN_CONSTANT_CONVERSION = YES;
				CLANG_WARN_DEPRECATED_OBJC_IMPLEMENTATIONS = YES;
				CLANG_WARN_DIRECT_OBJC_ISA_USAGE = YES_ERROR;
				CLANG_WARN_DOCUMENTATION_COMMENTS = YES;
				CLANG_WARN_EMPTY_BODY = YES;
				CLANG_WARN_ENUM_CONVERSION = YES;
				CLANG_WARN_INFINITE_RECURSION = YES;
				CLANG_WARN_INT_CONVERSION = YES;
				CLANG_WARN_NON_LITERAL_NULL_CONVERSION = YES;
				CLANG_WARN_OBJC_IMPLICIT_RETAIN_SELF = YES;
				CLANG_WARN_OBJC_LITERAL_CONVERSION = YES;
				CLANG_WARN_OBJC_ROOT_CLASS = YES_ERROR;
				CLANG_WARN_RANGE_LOOP_ANALYSIS = YES;
				CLANG_WARN_STRICT_PROTOTYPES = YES;
				CLANG_WARN_SUSPICIOUS_MOVE = YES;
				CLANG_WARN_UNGUARDED_AVAILABILITY = YES_AGGRESSIVE;
				CLANG_WARN_UNREACHABLE_CODE = YES;
				CLANG_WARN__DUPLICATE_METHOD_MATCH = YES;
				CODE_SIGN_IDENTITY = "iPhone Developer";
				COPY_PHASE_STRIP = NO;
				DEBUG_INFORMATION_FORMAT = "dwarf-with-dsym";
				ENABLE_NS_ASSERTIONS = NO;
				ENABLE_STRICT_OBJC_MSGSEND = YES;
				GCC_C_LANGUAGE_STANDARD = gnu11;
				GCC_NO_COMMON_BLOCKS = YES;
				GCC_WARN_64_TO_32_BIT_CONVERSION = YES;
				GCC_WARN_ABOUT_RETURN_TYPE = YES_ERROR;
				GCC_WARN_UNDECLARED_SELECTOR = YES;
				GCC_WARN_UNINITIALIZED_AUTOS = YES_AGGRESSIVE;
				GCC_WARN_UNUSED_FUNCTION = YES;
				GCC_WARN_UNUSED_VARIABLE = YES;
				IPHONEOS_DEPLOYMENT_TARGET = 11.3;
				MTL_ENABLE_DEBUG_INFO = NO;
				SDKROOT = iphoneos;
				VALIDATE_PRODUCT = YES;
			};
			name = Release;
		};
		3470A87C20994DD4003972FD /* Debug */ = {
			isa = XCBuildConfiguration;
			baseConfigurationReference = F2B2517B06B0B5686E9676E8 /* Pods-MyNewPhoto.debug.xcconfig */;
			buildSettings = {
				ASSETCATALOG_COMPILER_APPICON_NAME = AppIcon;
				CODE_SIGN_STYLE = Automatic;
				DEVELOPMENT_TEAM = NUUHR5LBN2;
				GCC_PREFIX_HEADER = MyNewPhoto/Macros/PrefixHeader.pch;
				HEADER_SEARCH_PATHS = "$(PODS_ROOT)/**";
				INFOPLIST_FILE = MyNewPhoto/Info.plist;
				IPHONEOS_DEPLOYMENT_TARGET = 8.0;
				LD_RUNPATH_SEARCH_PATHS = (
					"$(inherited)",
					"@executable_path/Frameworks",
				);
				OTHER_LDFLAGS = (
					"-fobjc-arc",
					"-ObjC",
					"$(inherited)",
				);
				PRODUCT_BUNDLE_IDENTIFIER = com.cardlan.realm.work.MyNewPhoto;
				PRODUCT_NAME = "$(TARGET_NAME)";
				TARGETED_DEVICE_FAMILY = 1;
			};
			name = Debug;
		};
		3470A87D20994DD4003972FD /* Release */ = {
			isa = XCBuildConfiguration;
			baseConfigurationReference = 1312EE20BA627F33388B0604 /* Pods-MyNewPhoto.release.xcconfig */;
			buildSettings = {
				ASSETCATALOG_COMPILER_APPICON_NAME = AppIcon;
				CODE_SIGN_STYLE = Automatic;
				DEVELOPMENT_TEAM = NUUHR5LBN2;
				GCC_PREFIX_HEADER = MyNewPhoto/Macros/PrefixHeader.pch;
				HEADER_SEARCH_PATHS = "$(PODS_ROOT)/**";
				INFOPLIST_FILE = MyNewPhoto/Info.plist;
				IPHONEOS_DEPLOYMENT_TARGET = 8.0;
				LD_RUNPATH_SEARCH_PATHS = (
					"$(inherited)",
					"@executable_path/Frameworks",
				);
				OTHER_LDFLAGS = (
					"-fobjc-arc",
					"-ObjC",
					"$(inherited)",
				);
				PRODUCT_BUNDLE_IDENTIFIER = com.cardlan.realm.work.MyNewPhoto;
				PRODUCT_NAME = "$(TARGET_NAME)";
				TARGETED_DEVICE_FAMILY = 1;
			};
			name = Release;
		};
		3470A87F20994DD4003972FD /* Debug */ = {
			isa = XCBuildConfiguration;
			buildSettings = {
				BUNDLE_LOADER = "$(TEST_HOST)";
				CODE_SIGN_STYLE = Automatic;
				DEVELOPMENT_TEAM = NUUHR5LBN2;
				INFOPLIST_FILE = MyNewPhotoTests/Info.plist;
				LD_RUNPATH_SEARCH_PATHS = (
					"$(inherited)",
					"@executable_path/Frameworks",
					"@loader_path/Frameworks",
				);
				PRODUCT_BUNDLE_IDENTIFIER = com.cardlan.realm.work.MyNewPhotoTests;
				PRODUCT_NAME = "$(TARGET_NAME)";
				TARGETED_DEVICE_FAMILY = "1,2";
				TEST_HOST = "$(BUILT_PRODUCTS_DIR)/MyNewPhoto.app/MyNewPhoto";
			};
			name = Debug;
		};
		3470A88020994DD4003972FD /* Release */ = {
			isa = XCBuildConfiguration;
			buildSettings = {
				BUNDLE_LOADER = "$(TEST_HOST)";
				CODE_SIGN_STYLE = Automatic;
				DEVELOPMENT_TEAM = NUUHR5LBN2;
				INFOPLIST_FILE = MyNewPhotoTests/Info.plist;
				LD_RUNPATH_SEARCH_PATHS = (
					"$(inherited)",
					"@executable_path/Frameworks",
					"@loader_path/Frameworks",
				);
				PRODUCT_BUNDLE_IDENTIFIER = com.cardlan.realm.work.MyNewPhotoTests;
				PRODUCT_NAME = "$(TARGET_NAME)";
				TARGETED_DEVICE_FAMILY = "1,2";
				TEST_HOST = "$(BUILT_PRODUCTS_DIR)/MyNewPhoto.app/MyNewPhoto";
			};
			name = Release;
		};
		3470A88220994DD4003972FD /* Debug */ = {
			isa = XCBuildConfiguration;
			buildSettings = {
				CODE_SIGN_STYLE = Automatic;
				DEVELOPMENT_TEAM = NUUHR5LBN2;
				INFOPLIST_FILE = MyNewPhotoUITests/Info.plist;
				LD_RUNPATH_SEARCH_PATHS = (
					"$(inherited)",
					"@executable_path/Frameworks",
					"@loader_path/Frameworks",
				);
				PRODUCT_BUNDLE_IDENTIFIER = com.cardlan.realm.work.MyNewPhotoUITests;
				PRODUCT_NAME = "$(TARGET_NAME)";
				TARGETED_DEVICE_FAMILY = "1,2";
				TEST_TARGET_NAME = MyNewPhoto;
			};
			name = Debug;
		};
		3470A88320994DD4003972FD /* Release */ = {
			isa = XCBuildConfiguration;
			buildSettings = {
				CODE_SIGN_STYLE = Automatic;
				DEVELOPMENT_TEAM = NUUHR5LBN2;
				INFOPLIST_FILE = MyNewPhotoUITests/Info.plist;
				LD_RUNPATH_SEARCH_PATHS = (
					"$(inherited)",
					"@executable_path/Frameworks",
					"@loader_path/Frameworks",
				);
				PRODUCT_BUNDLE_IDENTIFIER = com.cardlan.realm.work.MyNewPhotoUITests;
				PRODUCT_NAME = "$(TARGET_NAME)";
				TARGETED_DEVICE_FAMILY = "1,2";
				TEST_TARGET_NAME = MyNewPhoto;
			};
			name = Release;
		};
/* End XCBuildConfiguration section */

/* Begin XCConfigurationList section */
		3470A84A20994DD1003972FD /* Build configuration list for PBXProject "MyNewPhoto" */ = {
			isa = XCConfigurationList;
			buildConfigurations = (
				3470A87920994DD4003972FD /* Debug */,
				3470A87A20994DD4003972FD /* Release */,
			);
			defaultConfigurationIsVisible = 0;
			defaultConfigurationName = Release;
		};
		3470A87B20994DD4003972FD /* Build configuration list for PBXNativeTarget "MyNewPhoto" */ = {
			isa = XCConfigurationList;
			buildConfigurations = (
				3470A87C20994DD4003972FD /* Debug */,
				3470A87D20994DD4003972FD /* Release */,
			);
			defaultConfigurationIsVisible = 0;
			defaultConfigurationName = Release;
		};
		3470A87E20994DD4003972FD /* Build configuration list for PBXNativeTarget "MyNewPhotoTests" */ = {
			isa = XCConfigurationList;
			buildConfigurations = (
				3470A87F20994DD4003972FD /* Debug */,
				3470A88020994DD4003972FD /* Release */,
			);
			defaultConfigurationIsVisible = 0;
			defaultConfigurationName = Release;
		};
		3470A88120994DD4003972FD /* Build configuration list for PBXNativeTarget "MyNewPhotoUITests" */ = {
			isa = XCConfigurationList;
			buildConfigurations = (
				3470A88220994DD4003972FD /* Debug */,
				3470A88320994DD4003972FD /* Release */,
			);
			defaultConfigurationIsVisible = 0;
			defaultConfigurationName = Release;
		};
/* End XCConfigurationList section */
	};
	rootObject = 3470A84720994DD1003972FD /* Project object */;
}
